// !$*UTF8*$!
{
	archiveVersion = 1;
	classes = {
	};
	objectVersion = 46;
	objects = {

/* Begin PBXBuildFile section */
		1D60589F0D05DD5A006BFB54 /* Foundation.framework in Frameworks */ = {isa = PBXBuildFile; fileRef = 1D30AB110D05D00D00671497 /* Foundation.framework */; };
		1DF5F4E00D08C38300B7A737 /* UIKit.framework in Frameworks */ = {isa = PBXBuildFile; fileRef = 1DF5F4DF0D08C38300B7A737 /* UIKit.framework */; };
		288765FD0DF74451002DB57D /* CoreGraphics.framework in Frameworks */ = {isa = PBXBuildFile; fileRef = 288765FC0DF74451002DB57D /* CoreGraphics.framework */; };
		D309EC2C16177FD500F6AA75 /* TBRootNavigationController.m in Sources */ = {isa = PBXBuildFile; fileRef = D309EC2B16177FD500F6AA75 /* TBRootNavigationController.m */; };
		D309EC2D16177FD500F6AA75 /* TBRootNavigationController.m in Sources */ = {isa = PBXBuildFile; fileRef = D309EC2B16177FD500F6AA75 /* TBRootNavigationController.m */; };
		D315B07410B99CA7002BF1B2 /* MessageUI.framework in Frameworks */ = {isa = PBXBuildFile; fileRef = D315B07310B99CA7002BF1B2 /* MessageUI.framework */; };
		D315B09A10B99E1C002BF1B2 /* MobileCoreServices.framework in Frameworks */ = {isa = PBXBuildFile; fileRef = D315B09910B99E1C002BF1B2 /* MobileCoreServices.framework */; };
		D319FA4415256E9A00112E7C /* FUWildcardPattern.m in Sources */ = {isa = PBXBuildFile; fileRef = D3A60C2215256BD300BE5F75 /* FUWildcardPattern.m */; };
		D343598415256FD300F9E581 /* UIKit.framework in Frameworks */ = {isa = PBXBuildFile; fileRef = 1DF5F4DF0D08C38300B7A737 /* UIKit.framework */; };
		D343598515256FD300F9E581 /* Foundation.framework in Frameworks */ = {isa = PBXBuildFile; fileRef = 1D30AB110D05D00D00671497 /* Foundation.framework */; };
		D343598615256FD300F9E581 /* CoreGraphics.framework in Frameworks */ = {isa = PBXBuildFile; fileRef = 288765FC0DF74451002DB57D /* CoreGraphics.framework */; };
		D343598E15256FD300F9E581 /* main.m in Sources */ = {isa = PBXBuildFile; fileRef = D343598D15256FD300F9E581 /* main.m */; };
		D34359971525701100F9E581 /* TBAppDelegate.m in Sources */ = {isa = PBXBuildFile; fileRef = D3AFDCC110B8F5BE007E6BBA /* TBAppDelegate.m */; };
		D34359981525701100F9E581 /* TDBaseViewController.m in Sources */ = {isa = PBXBuildFile; fileRef = D3AFDD7510B90EE4007E6BBA /* TDBaseViewController.m */; };
		D34359991525701100F9E581 /* TDBrowserViewController.m in Sources */ = {isa = PBXBuildFile; fileRef = D3AFDD6610B90DD5007E6BBA /* TDBrowserViewController.m */; };
		D343599A1525701100F9E581 /* TDPullRefreshBrowserViewController.m in Sources */ = {isa = PBXBuildFile; fileRef = D3BE51C613AA567400CD53E5 /* TDPullRefreshBrowserViewController.m */; };
		D343599B1525701100F9E581 /* TBRootViewController.m in Sources */ = {isa = PBXBuildFile; fileRef = D3AFDD2210B8F8AD007E6BBA /* TBRootViewController.m */; };
		D343599C1525701100F9E581 /* TBUserDefaults.m in Sources */ = {isa = PBXBuildFile; fileRef = D35973FE15252A9F00C67B01 /* TBUserDefaults.m */; };
		D343599D1525701100F9E581 /* FUWildcardPattern.m in Sources */ = {isa = PBXBuildFile; fileRef = D3A60C2215256BD300BE5F75 /* FUWildcardPattern.m */; };
		D343599E1525701100F9E581 /* TDBackButton.m in Sources */ = {isa = PBXBuildFile; fileRef = D3AA2E7510BA3C3400C2DC50 /* TDBackButton.m */; };
		D34359A01525706F00F9E581 /* DefaultValues-SnarkBrowsa.plist in Resources */ = {isa = PBXBuildFile; fileRef = D343599F1525706F00F9E581 /* DefaultValues-SnarkBrowsa.plist */; };
		D34359A1152570AC00F9E581 /* QuartzCore.framework in Frameworks */ = {isa = PBXBuildFile; fileRef = D3BE51C813AA56BC00CD53E5 /* QuartzCore.framework */; };
		D34359A2152570AC00F9E581 /* MessageUI.framework in Frameworks */ = {isa = PBXBuildFile; fileRef = D315B07310B99CA7002BF1B2 /* MessageUI.framework */; };
		D34359A3152570AC00F9E581 /* MobileCoreServices.framework in Frameworks */ = {isa = PBXBuildFile; fileRef = D315B09910B99E1C002BF1B2 /* MobileCoreServices.framework */; };
		D34359A9152570C000F9E581 /* Icon-Large.png in Resources */ = {isa = PBXBuildFile; fileRef = D3BE51B913A9187500CD53E5 /* Icon-Large.png */; };
		D34359AD152570C000F9E581 /* iTunesArtwork.png in Resources */ = {isa = PBXBuildFile; fileRef = D3BE51BB13A9B4B100CD53E5 /* iTunesArtwork.png */; };
		D34359D31525746600F9E581 /* BrowserView.xib in Resources */ = {isa = PBXBuildFile; fileRef = D34359CB1525746600F9E581 /* BrowserView.xib */; };
		D34359D41525746600F9E581 /* BrowserView.xib in Resources */ = {isa = PBXBuildFile; fileRef = D34359CB1525746600F9E581 /* BrowserView.xib */; };
		D34359D51525746600F9E581 /* InfoPlist.strings in Resources */ = {isa = PBXBuildFile; fileRef = D34359CD1525746600F9E581 /* InfoPlist.strings */; };
		D34359D61525746600F9E581 /* InfoPlist.strings in Resources */ = {isa = PBXBuildFile; fileRef = D34359CD1525746600F9E581 /* InfoPlist.strings */; };
		D34359D71525746600F9E581 /* MainWindow.xib in Resources */ = {isa = PBXBuildFile; fileRef = D34359CF1525746600F9E581 /* MainWindow.xib */; };
		D34359D81525746600F9E581 /* MainWindow.xib in Resources */ = {isa = PBXBuildFile; fileRef = D34359CF1525746600F9E581 /* MainWindow.xib */; };
		D34359D91525746600F9E581 /* RootView.xib in Resources */ = {isa = PBXBuildFile; fileRef = D34359D11525746600F9E581 /* RootView.xib */; };
		D34359DA1525746600F9E581 /* RootView.xib in Resources */ = {isa = PBXBuildFile; fileRef = D34359D11525746600F9E581 /* RootView.xib */; };
		D35973F11524F6C200C67B01 /* TDBackButton.m in Sources */ = {isa = PBXBuildFile; fileRef = D3AA2E7510BA3C3400C2DC50 /* TDBackButton.m */; };
		D35973F31525124100C67B01 /* DefaultValues-TechBrowser.plist in Resources */ = {isa = PBXBuildFile; fileRef = D35973F21525124100C67B01 /* DefaultValues-TechBrowser.plist */; };
		D35973FF15252A9F00C67B01 /* TBUserDefaults.m in Sources */ = {isa = PBXBuildFile; fileRef = D35973FE15252A9F00C67B01 /* TBUserDefaults.m */; };
		D372A80B165830E2005C2FED /* TDUtils.m in Sources */ = {isa = PBXBuildFile; fileRef = D372A80A165830E2005C2FED /* TDUtils.m */; };
		D372A80C165830E2005C2FED /* TDUtils.m in Sources */ = {isa = PBXBuildFile; fileRef = D372A80A165830E2005C2FED /* TDUtils.m */; };
		D372A83516586231005C2FED /* TDHintView.m in Sources */ = {isa = PBXBuildFile; fileRef = D372A83416586231005C2FED /* TDHintView.m */; };
		D372A83616586231005C2FED /* TDHintView.m in Sources */ = {isa = PBXBuildFile; fileRef = D372A83416586231005C2FED /* TDHintView.m */; };
		D375B5D417F4B6AC0046FAAD /* TDBrowserNavBar.m in Sources */ = {isa = PBXBuildFile; fileRef = D375B5D317F4B6AC0046FAAD /* TDBrowserNavBar.m */; };
		D375B5D517F4B8DC0046FAAD /* TDBrowserNavBar.m in Sources */ = {isa = PBXBuildFile; fileRef = D375B5D317F4B6AC0046FAAD /* TDBrowserNavBar.m */; };
		D39AD0611F2D044100DB683B /* TechBrowser.xcassets in Resources */ = {isa = PBXBuildFile; fileRef = D39AD0601F2D044100DB683B /* TechBrowser.xcassets */; };
		D3AFDCC210B8F5BE007E6BBA /* TBAppDelegate.m in Sources */ = {isa = PBXBuildFile; fileRef = D3AFDCC110B8F5BE007E6BBA /* TBAppDelegate.m */; };
		D3AFDCD110B8F61E007E6BBA /* main.m in Sources */ = {isa = PBXBuildFile; fileRef = D3AFDCD010B8F61E007E6BBA /* main.m */; };
		D3AFDD2410B8F8AD007E6BBA /* TBRootViewController.m in Sources */ = {isa = PBXBuildFile; fileRef = D3AFDD2210B8F8AD007E6BBA /* TBRootViewController.m */; };
		D3AFDD6710B90DD5007E6BBA /* TDBrowserViewController.m in Sources */ = {isa = PBXBuildFile; fileRef = D3AFDD6610B90DD5007E6BBA /* TDBrowserViewController.m */; };
		D3AFDD7610B90EE4007E6BBA /* TDBaseViewController.m in Sources */ = {isa = PBXBuildFile; fileRef = D3AFDD7510B90EE4007E6BBA /* TDBaseViewController.m */; };
		D3BE51BA13A9187500CD53E5 /* Icon-Large.png in Resources */ = {isa = PBXBuildFile; fileRef = D3BE51B913A9187500CD53E5 /* Icon-Large.png */; };
		D3BE51BC13A9B4B100CD53E5 /* iTunesArtwork.png in Resources */ = {isa = PBXBuildFile; fileRef = D3BE51BB13A9B4B100CD53E5 /* iTunesArtwork.png */; };
		D3BE51C713AA567400CD53E5 /* TDPullRefreshBrowserViewController.m in Sources */ = {isa = PBXBuildFile; fileRef = D3BE51C613AA567400CD53E5 /* TDPullRefreshBrowserViewController.m */; };
		D3BE51C913AA56BC00CD53E5 /* QuartzCore.framework in Frameworks */ = {isa = PBXBuildFile; fileRef = D3BE51C813AA56BC00CD53E5 /* QuartzCore.framework */; };
/* End PBXBuildFile section */

/* Begin PBXFileReference section */
		1D30AB110D05D00D00671497 /* Foundation.framework */ = {isa = PBXFileReference; lastKnownFileType = wrapper.framework; name = Foundation.framework; path = System/Library/Frameworks/Foundation.framework; sourceTree = SDKROOT; };
		1D6058910D05DD3D006BFB54 /* TechBrowser.app */ = {isa = PBXFileReference; explicitFileType = wrapper.application; includeInIndex = 0; path = TechBrowser.app; sourceTree = BUILT_PRODUCTS_DIR; };
		1DF5F4DF0D08C38300B7A737 /* UIKit.framework */ = {isa = PBXFileReference; lastKnownFileType = wrapper.framework; name = UIKit.framework; path = System/Library/Frameworks/UIKit.framework; sourceTree = SDKROOT; };
		288765FC0DF74451002DB57D /* CoreGraphics.framework */ = {isa = PBXFileReference; lastKnownFileType = wrapper.framework; name = CoreGraphics.framework; path = System/Library/Frameworks/CoreGraphics.framework; sourceTree = SDKROOT; };
		8D1107310486CEB800E47090 /* TechBrowser-Info.plist */ = {isa = PBXFileReference; fileEncoding = 4; lastKnownFileType = text.plist.xml; path = "TechBrowser-Info.plist"; plistStructureDefinitionIdentifier = "com.apple.xcode.plist.structure-definition.iphone.info-plist"; sourceTree = "<group>"; };
		D309EC2A16177FD500F6AA75 /* TBRootNavigationController.h */ = {isa = PBXFileReference; fileEncoding = 4; lastKnownFileType = sourcecode.c.h; path = TBRootNavigationController.h; sourceTree = "<group>"; };
		D309EC2B16177FD500F6AA75 /* TBRootNavigationController.m */ = {isa = PBXFileReference; fileEncoding = 4; lastKnownFileType = sourcecode.c.objc; path = TBRootNavigationController.m; sourceTree = "<group>"; };
		D315B07310B99CA7002BF1B2 /* MessageUI.framework */ = {isa = PBXFileReference; lastKnownFileType = wrapper.framework; name = MessageUI.framework; path = System/Library/Frameworks/MessageUI.framework; sourceTree = SDKROOT; };
		D315B09910B99E1C002BF1B2 /* MobileCoreServices.framework */ = {isa = PBXFileReference; lastKnownFileType = wrapper.framework; name = MobileCoreServices.framework; path = System/Library/Frameworks/MobileCoreServices.framework; sourceTree = SDKROOT; };
		D343598215256FD300F9E581 /* SnarkBrowsa.app */ = {isa = PBXFileReference; explicitFileType = wrapper.application; includeInIndex = 0; path = SnarkBrowsa.app; sourceTree = BUILT_PRODUCTS_DIR; };
		D343598915256FD300F9E581 /* SnarkBrowsa-Info.plist */ = {isa = PBXFileReference; lastKnownFileType = text.plist.xml; path = "SnarkBrowsa-Info.plist"; sourceTree = "<group>"; };
		D343598D15256FD300F9E581 /* main.m */ = {isa = PBXFileReference; lastKnownFileType = sourcecode.c.objc; path = main.m; sourceTree = "<group>"; };
		D343598F15256FD300F9E581 /* SnarkBrowsa-Prefix.pch */ = {isa = PBXFileReference; lastKnownFileType = sourcecode.c.h; path = "SnarkBrowsa-Prefix.pch"; sourceTree = "<group>"; };
		D343599F1525706F00F9E581 /* DefaultValues-SnarkBrowsa.plist */ = {isa = PBXFileReference; fileEncoding = 4; lastKnownFileType = text.plist.xml; name = "DefaultValues-SnarkBrowsa.plist"; path = "Resources/DefaultValues-SnarkBrowsa.plist"; sourceTree = SOURCE_ROOT; };
		D34359CC1525746600F9E581 /* en */ = {isa = PBXFileReference; lastKnownFileType = file.xib; name = en; path = en.lproj/BrowserView.xib; sourceTree = "<group>"; };
		D34359CE1525746600F9E581 /* en */ = {isa = PBXFileReference; lastKnownFileType = text.plist.strings; name = en; path = en.lproj/InfoPlist.strings; sourceTree = "<group>"; };
		D34359D01525746600F9E581 /* en */ = {isa = PBXFileReference; lastKnownFileType = file.xib; name = en; path = en.lproj/MainWindow.xib; sourceTree = "<group>"; };
		D34359D21525746600F9E581 /* en */ = {isa = PBXFileReference; lastKnownFileType = file.xib; name = en; path = en.lproj/RootView.xib; sourceTree = "<group>"; };
		D35973F21525124100C67B01 /* DefaultValues-TechBrowser.plist */ = {isa = PBXFileReference; fileEncoding = 4; lastKnownFileType = text.plist.xml; name = "DefaultValues-TechBrowser.plist"; path = "Resources/DefaultValues-TechBrowser.plist"; sourceTree = "<group>"; };
		D35973FD15252A9F00C67B01 /* TBUserDefaults.h */ = {isa = PBXFileReference; fileEncoding = 4; lastKnownFileType = sourcecode.c.h; path = TBUserDefaults.h; sourceTree = "<group>"; };
		D35973FE15252A9F00C67B01 /* TBUserDefaults.m */ = {isa = PBXFileReference; fileEncoding = 4; lastKnownFileType = sourcecode.c.objc; path = TBUserDefaults.m; sourceTree = "<group>"; };
		D372A80916583099005C2FED /* TDUtils.h */ = {isa = PBXFileReference; fileEncoding = 4; lastKnownFileType = sourcecode.c.h; path = TDUtils.h; sourceTree = "<group>"; };
		D372A80A165830E2005C2FED /* TDUtils.m */ = {isa = PBXFileReference; fileEncoding = 4; lastKnownFileType = sourcecode.c.objc; path = TDUtils.m; sourceTree = "<group>"; };
		D372A83316586231005C2FED /* TDHintView.h */ = {isa = PBXFileReference; fileEncoding = 4; lastKnownFileType = sourcecode.c.h; path = TDHintView.h; sourceTree = "<group>"; };
		D372A83416586231005C2FED /* TDHintView.m */ = {isa = PBXFileReference; fileEncoding = 4; lastKnownFileType = sourcecode.c.objc; path = TDHintView.m; sourceTree = "<group>"; };
		D375B5D217F4B6AC0046FAAD /* TDBrowserNavBar.h */ = {isa = PBXFileReference; fileEncoding = 4; lastKnownFileType = sourcecode.c.h; path = TDBrowserNavBar.h; sourceTree = "<group>"; };
		D375B5D317F4B6AC0046FAAD /* TDBrowserNavBar.m */ = {isa = PBXFileReference; fileEncoding = 4; lastKnownFileType = sourcecode.c.objc; path = TDBrowserNavBar.m; sourceTree = "<group>"; };
		D39AD0601F2D044100DB683B /* TechBrowser.xcassets */ = {isa = PBXFileReference; lastKnownFileType = folder.assetcatalog; path = TechBrowser.xcassets; sourceTree = "<group>"; };
		D3A60C2115256BD300BE5F75 /* FUWildcardPattern.h */ = {isa = PBXFileReference; lastKnownFileType = sourcecode.c.h; path = FUWildcardPattern.h; sourceTree = "<group>"; };
		D3A60C2215256BD300BE5F75 /* FUWildcardPattern.m */ = {isa = PBXFileReference; lastKnownFileType = sourcecode.c.objc; path = FUWildcardPattern.m; sourceTree = "<group>"; };
		D3AA2E7410BA3C3400C2DC50 /* TDBackButton.h */ = {isa = PBXFileReference; fileEncoding = 4; lastKnownFileType = sourcecode.c.h; name = TDBackButton.h; path = Source/TDBackButton.h; sourceTree = "<group>"; };
		D3AA2E7510BA3C3400C2DC50 /* TDBackButton.m */ = {isa = PBXFileReference; fileEncoding = 4; lastKnownFileType = sourcecode.c.objc; name = TDBackButton.m; path = Source/TDBackButton.m; sourceTree = "<group>"; };
		D3AFDCC010B8F5BE007E6BBA /* TBAppDelegate.h */ = {isa = PBXFileReference; fileEncoding = 4; lastKnownFileType = sourcecode.c.h; path = TBAppDelegate.h; sourceTree = "<group>"; };
		D3AFDCC110B8F5BE007E6BBA /* TBAppDelegate.m */ = {isa = PBXFileReference; fileEncoding = 4; lastKnownFileType = sourcecode.c.objc; path = TBAppDelegate.m; sourceTree = "<group>"; };
		D3AFDCCF10B8F616007E6BBA /* TechBrowser_Prefix.pch */ = {isa = PBXFileReference; fileEncoding = 4; lastKnownFileType = sourcecode.c.h; name = TechBrowser_Prefix.pch; path = Source/TechBrowser_Prefix.pch; sourceTree = "<group>"; };
		D3AFDCD010B8F61E007E6BBA /* main.m */ = {isa = PBXFileReference; fileEncoding = 4; lastKnownFileType = sourcecode.c.objc; name = main.m; path = Source/main.m; sourceTree = "<group>"; };
		D3AFDD2110B8F8AD007E6BBA /* TBRootViewController.h */ = {isa = PBXFileReference; fileEncoding = 4; lastKnownFileType = sourcecode.c.h; path = TBRootViewController.h; sourceTree = "<group>"; };
		D3AFDD2210B8F8AD007E6BBA /* TBRootViewController.m */ = {isa = PBXFileReference; fileEncoding = 4; lastKnownFileType = sourcecode.c.objc; path = TBRootViewController.m; sourceTree = "<group>"; };
		D3AFDD6510B90DD5007E6BBA /* TDBrowserViewController.h */ = {isa = PBXFileReference; fileEncoding = 4; lastKnownFileType = sourcecode.c.h; path = TDBrowserViewController.h; sourceTree = "<group>"; };
		D3AFDD6610B90DD5007E6BBA /* TDBrowserViewController.m */ = {isa = PBXFileReference; fileEncoding = 4; lastKnownFileType = sourcecode.c.objc; path = TDBrowserViewController.m; sourceTree = "<group>"; };
		D3AFDD7410B90EE4007E6BBA /* TDBaseViewController.h */ = {isa = PBXFileReference; fileEncoding = 4; lastKnownFileType = sourcecode.c.h; path = TDBaseViewController.h; sourceTree = "<group>"; };
		D3AFDD7510B90EE4007E6BBA /* TDBaseViewController.m */ = {isa = PBXFileReference; fileEncoding = 4; lastKnownFileType = sourcecode.c.objc; path = TDBaseViewController.m; sourceTree = "<group>"; };
		D3BE51B913A9187500CD53E5 /* Icon-Large.png */ = {isa = PBXFileReference; lastKnownFileType = image.png; path = "Icon-Large.png"; sourceTree = "<group>"; };
		D3BE51BB13A9B4B100CD53E5 /* iTunesArtwork.png */ = {isa = PBXFileReference; lastKnownFileType = image.png; path = iTunesArtwork.png; sourceTree = "<group>"; };
		D3BE51C513AA567400CD53E5 /* TDPullRefreshBrowserViewController.h */ = {isa = PBXFileReference; fileEncoding = 4; lastKnownFileType = sourcecode.c.h; path = TDPullRefreshBrowserViewController.h; sourceTree = "<group>"; };
		D3BE51C613AA567400CD53E5 /* TDPullRefreshBrowserViewController.m */ = {isa = PBXFileReference; fileEncoding = 4; lastKnownFileType = sourcecode.c.objc; path = TDPullRefreshBrowserViewController.m; sourceTree = "<group>"; };
		D3BE51C813AA56BC00CD53E5 /* QuartzCore.framework */ = {isa = PBXFileReference; lastKnownFileType = wrapper.framework; name = QuartzCore.framework; path = System/Library/Frameworks/QuartzCore.framework; sourceTree = SDKROOT; };
/* End PBXFileReference section */

/* Begin PBXFrameworksBuildPhase section */
		1D60588F0D05DD3D006BFB54 /* Frameworks */ = {
			isa = PBXFrameworksBuildPhase;
			buildActionMask = 2147483647;
			files = (
				D3BE51C913AA56BC00CD53E5 /* QuartzCore.framework in Frameworks */,
				1D60589F0D05DD5A006BFB54 /* Foundation.framework in Frameworks */,
				1DF5F4E00D08C38300B7A737 /* UIKit.framework in Frameworks */,
				288765FD0DF74451002DB57D /* CoreGraphics.framework in Frameworks */,
				D315B07410B99CA7002BF1B2 /* MessageUI.framework in Frameworks */,
				D315B09A10B99E1C002BF1B2 /* MobileCoreServices.framework in Frameworks */,
			);
			runOnlyForDeploymentPostprocessing = 0;
		};
		D343597F15256FD300F9E581 /* Frameworks */ = {
			isa = PBXFrameworksBuildPhase;
			buildActionMask = 2147483647;
			files = (
				D343598415256FD300F9E581 /* UIKit.framework in Frameworks */,
				D343598515256FD300F9E581 /* Foundation.framework in Frameworks */,
				D34359A1152570AC00F9E581 /* QuartzCore.framework in Frameworks */,
				D34359A2152570AC00F9E581 /* MessageUI.framework in Frameworks */,
				D34359A3152570AC00F9E581 /* MobileCoreServices.framework in Frameworks */,
				D343598615256FD300F9E581 /* CoreGraphics.framework in Frameworks */,
			);
			runOnlyForDeploymentPostprocessing = 0;
		};
/* End PBXFrameworksBuildPhase section */

/* Begin PBXGroup section */
		19C28FACFE9D520D11CA2CBB /* Products */ = {
			isa = PBXGroup;
			children = (
				1D6058910D05DD3D006BFB54 /* TechBrowser.app */,
				D343598215256FD300F9E581 /* SnarkBrowsa.app */,
			);
			name = Products;
			sourceTree = "<group>";
		};
		29B97314FDCFA39411CA2CEA /* CustomTemplate */ = {
			isa = PBXGroup;
			children = (
				D3AFDCBF10B8F5BE007E6BBA /* Source */,
				29B97317FDCFA39411CA2CEA /* Resources */,
				29B97315FDCFA39411CA2CEA /* TechBrowser */,
				D343598715256FD300F9E581 /* SnarkBrowsa */,
				29B97323FDCFA39411CA2CEA /* Frameworks */,
				19C28FACFE9D520D11CA2CBB /* Products */,
			);
			name = CustomTemplate;
			sourceTree = "<group>";
		};
		29B97315FDCFA39411CA2CEA /* TechBrowser */ = {
			isa = PBXGroup;
			children = (
				8D1107310486CEB800E47090 /* TechBrowser-Info.plist */,
				D35973F21525124100C67B01 /* DefaultValues-TechBrowser.plist */,
				D3AFDCCF10B8F616007E6BBA /* TechBrowser_Prefix.pch */,
				D3AFDCD010B8F61E007E6BBA /* main.m */,
			);
			name = TechBrowser;
			sourceTree = "<group>";
		};
		29B97317FDCFA39411CA2CEA /* Resources */ = {
			isa = PBXGroup;
			children = (
				D39AD0601F2D044100DB683B /* TechBrowser.xcassets */,
				D34359CD1525746600F9E581 /* InfoPlist.strings */,
				D34359CF1525746600F9E581 /* MainWindow.xib */,
				D34359D11525746600F9E581 /* RootView.xib */,
				D34359CB1525746600F9E581 /* BrowserView.xib */,
				D3AFDDD210B915C0007E6BBA /* Images */,
			);
			name = Resources;
			sourceTree = "<group>";
		};
		29B97323FDCFA39411CA2CEA /* Frameworks */ = {
			isa = PBXGroup;
			children = (
				D3BE51C813AA56BC00CD53E5 /* QuartzCore.framework */,
				1DF5F4DF0D08C38300B7A737 /* UIKit.framework */,
				1D30AB110D05D00D00671497 /* Foundation.framework */,
				288765FC0DF74451002DB57D /* CoreGraphics.framework */,
				D315B07310B99CA7002BF1B2 /* MessageUI.framework */,
				D315B09910B99E1C002BF1B2 /* MobileCoreServices.framework */,
			);
			name = Frameworks;
			sourceTree = "<group>";
		};
		D343598715256FD300F9E581 /* SnarkBrowsa */ = {
			isa = PBXGroup;
			children = (
				D343598915256FD300F9E581 /* SnarkBrowsa-Info.plist */,
				D343599F1525706F00F9E581 /* DefaultValues-SnarkBrowsa.plist */,
				D343598F15256FD300F9E581 /* SnarkBrowsa-Prefix.pch */,
				D343598D15256FD300F9E581 /* main.m */,
			);
			path = SnarkBrowsa;
			sourceTree = "<group>";
		};
		D3AFDCBF10B8F5BE007E6BBA /* Source */ = {
			isa = PBXGroup;
			children = (
				D372A80916583099005C2FED /* TDUtils.h */,
				D372A80A165830E2005C2FED /* TDUtils.m */,
				D3AFDCC010B8F5BE007E6BBA /* TBAppDelegate.h */,
				D3AFDCC110B8F5BE007E6BBA /* TBAppDelegate.m */,
				D309EC2A16177FD500F6AA75 /* TBRootNavigationController.h */,
				D309EC2B16177FD500F6AA75 /* TBRootNavigationController.m */,
				D3AFDD7410B90EE4007E6BBA /* TDBaseViewController.h */,
				D3AFDD7510B90EE4007E6BBA /* TDBaseViewController.m */,
				D3AFDD6510B90DD5007E6BBA /* TDBrowserViewController.h */,
				D3AFDD6610B90DD5007E6BBA /* TDBrowserViewController.m */,
				D3BE51C513AA567400CD53E5 /* TDPullRefreshBrowserViewController.h */,
				D3BE51C613AA567400CD53E5 /* TDPullRefreshBrowserViewController.m */,
				D3AFDD2110B8F8AD007E6BBA /* TBRootViewController.h */,
				D3AFDD2210B8F8AD007E6BBA /* TBRootViewController.m */,
				D35973FD15252A9F00C67B01 /* TBUserDefaults.h */,
				D35973FE15252A9F00C67B01 /* TBUserDefaults.m */,
				D3A60C2115256BD300BE5F75 /* FUWildcardPattern.h */,
				D3A60C2215256BD300BE5F75 /* FUWildcardPattern.m */,
				D375B5D217F4B6AC0046FAAD /* TDBrowserNavBar.h */,
				D375B5D317F4B6AC0046FAAD /* TDBrowserNavBar.m */,
				D372A83316586231005C2FED /* TDHintView.h */,
				D372A83416586231005C2FED /* TDHintView.m */,
				D3AFDE1610B91890007E6BBA /* BackButton */,
			);
			path = Source;
			sourceTree = "<group>";
		};
		D3AFDDD210B915C0007E6BBA /* Images */ = {
			isa = PBXGroup;
			children = (
				D3BE51B913A9187500CD53E5 /* Icon-Large.png */,
				D3BE51BB13A9B4B100CD53E5 /* iTunesArtwork.png */,
			);
			name = Images;
			sourceTree = "<group>";
		};
		D3AFDE1610B91890007E6BBA /* BackButton */ = {
			isa = PBXGroup;
			children = (
				D3AA2E7410BA3C3400C2DC50 /* TDBackButton.h */,
				D3AA2E7510BA3C3400C2DC50 /* TDBackButton.m */,
			);
			name = BackButton;
			path = ..;
			sourceTree = "<group>";
		};
/* End PBXGroup section */

/* Begin PBXNativeTarget section */
		1D6058900D05DD3D006BFB54 /* TechBrowser */ = {
			isa = PBXNativeTarget;
			buildConfigurationList = 1D6058960D05DD3E006BFB54 /* Build configuration list for PBXNativeTarget "TechBrowser" */;
			buildPhases = (
				1D60588E0D05DD3D006BFB54 /* Sources */,
				1D60588F0D05DD3D006BFB54 /* Frameworks */,
				1D60588D0D05DD3D006BFB54 /* Resources */,
			);
			buildRules = (
			);
			dependencies = (
			);
			name = TechBrowser;
			productName = TechBrowser;
			productReference = 1D6058910D05DD3D006BFB54 /* TechBrowser.app */;
			productType = "com.apple.product-type.application";
		};
		D343598115256FD300F9E581 /* SnarkBrowsa */ = {
			isa = PBXNativeTarget;
			buildConfigurationList = D343599515256FD300F9E581 /* Build configuration list for PBXNativeTarget "SnarkBrowsa" */;
			buildPhases = (
				D343597E15256FD300F9E581 /* Sources */,
				D343597F15256FD300F9E581 /* Frameworks */,
				D343598015256FD300F9E581 /* Resources */,
			);
			buildRules = (
			);
			dependencies = (
			);
			name = SnarkBrowsa;
			productName = SnarkBrowsa;
			productReference = D343598215256FD300F9E581 /* SnarkBrowsa.app */;
			productType = "com.apple.product-type.application";
		};
/* End PBXNativeTarget section */

/* Begin PBXProject section */
		29B97313FDCFA39411CA2CEA /* Project object */ = {
			isa = PBXProject;
			attributes = {
				LastUpgradeCheck = 0830;
				TargetAttributes = {
					1D6058900D05DD3D006BFB54 = {
						DevelopmentTeam = 9867TNT66D;
						ProvisioningStyle = Manual;
					};
				};
			};
			buildConfigurationList = C01FCF4E08A954540054247B /* Build configuration list for PBXProject "TechBrowser" */;
			compatibilityVersion = "Xcode 3.2";
			developmentRegion = English;
			hasScannedForEncodings = 1;
			knownRegions = (
				English,
				Japanese,
				French,
				German,
				en,
			);
			mainGroup = 29B97314FDCFA39411CA2CEA /* CustomTemplate */;
			projectDirPath = "";
			projectRoot = "";
			targets = (
				1D6058900D05DD3D006BFB54 /* TechBrowser */,
				D343598115256FD300F9E581 /* SnarkBrowsa */,
			);
		};
/* End PBXProject section */

/* Begin PBXResourcesBuildPhase section */
		1D60588D0D05DD3D006BFB54 /* Resources */ = {
			isa = PBXResourcesBuildPhase;
			buildActionMask = 2147483647;
			files = (
				D39AD0611F2D044100DB683B /* TechBrowser.xcassets in Resources */,
				D3BE51BA13A9187500CD53E5 /* Icon-Large.png in Resources */,
				D3BE51BC13A9B4B100CD53E5 /* iTunesArtwork.png in Resources */,
				D35973F31525124100C67B01 /* DefaultValues-TechBrowser.plist in Resources */,
				D34359D31525746600F9E581 /* BrowserView.xib in Resources */,
				D34359D51525746600F9E581 /* InfoPlist.strings in Resources */,
				D34359D71525746600F9E581 /* MainWindow.xib in Resources */,
				D34359D91525746600F9E581 /* RootView.xib in Resources */,
			);
			runOnlyForDeploymentPostprocessing = 0;
		};
		D343598015256FD300F9E581 /* Resources */ = {
			isa = PBXResourcesBuildPhase;
			buildActionMask = 2147483647;
			files = (
				D34359A01525706F00F9E581 /* DefaultValues-SnarkBrowsa.plist in Resources */,
				D34359A9152570C000F9E581 /* Icon-Large.png in Resources */,
				D34359AD152570C000F9E581 /* iTunesArtwork.png in Resources */,
				D34359D41525746600F9E581 /* BrowserView.xib in Resources */,
				D34359D61525746600F9E581 /* InfoPlist.strings in Resources */,
				D34359D81525746600F9E581 /* MainWindow.xib in Resources */,
				D34359DA1525746600F9E581 /* RootView.xib in Resources */,
			);
			runOnlyForDeploymentPostprocessing = 0;
		};
/* End PBXResourcesBuildPhase section */

/* Begin PBXSourcesBuildPhase section */
		1D60588E0D05DD3D006BFB54 /* Sources */ = {
			isa = PBXSourcesBuildPhase;
			buildActionMask = 2147483647;
			files = (
				D3AFDCC210B8F5BE007E6BBA /* TBAppDelegate.m in Sources */,
				D3AFDCD110B8F61E007E6BBA /* main.m in Sources */,
				D3AFDD2410B8F8AD007E6BBA /* TBRootViewController.m in Sources */,
				D3AFDD6710B90DD5007E6BBA /* TDBrowserViewController.m in Sources */,
				D3AFDD7610B90EE4007E6BBA /* TDBaseViewController.m in Sources */,
				D3BE51C713AA567400CD53E5 /* TDPullRefreshBrowserViewController.m in Sources */,
				D35973F11524F6C200C67B01 /* TDBackButton.m in Sources */,
				D35973FF15252A9F00C67B01 /* TBUserDefaults.m in Sources */,
				D319FA4415256E9A00112E7C /* FUWildcardPattern.m in Sources */,
				D309EC2C16177FD500F6AA75 /* TBRootNavigationController.m in Sources */,
				D375B5D417F4B6AC0046FAAD /* TDBrowserNavBar.m in Sources */,
				D372A80B165830E2005C2FED /* TDUtils.m in Sources */,
				D372A83516586231005C2FED /* TDHintView.m in Sources */,
			);
			runOnlyForDeploymentPostprocessing = 0;
		};
		D343597E15256FD300F9E581 /* Sources */ = {
			isa = PBXSourcesBuildPhase;
			buildActionMask = 2147483647;
			files = (
				D343598E15256FD300F9E581 /* main.m in Sources */,
				D34359971525701100F9E581 /* TBAppDelegate.m in Sources */,
				D34359981525701100F9E581 /* TDBaseViewController.m in Sources */,
				D34359991525701100F9E581 /* TDBrowserViewController.m in Sources */,
				D343599A1525701100F9E581 /* TDPullRefreshBrowserViewController.m in Sources */,
				D343599B1525701100F9E581 /* TBRootViewController.m in Sources */,
				D343599C1525701100F9E581 /* TBUserDefaults.m in Sources */,
				D343599D1525701100F9E581 /* FUWildcardPattern.m in Sources */,
				D343599E1525701100F9E581 /* TDBackButton.m in Sources */,
				D309EC2D16177FD500F6AA75 /* TBRootNavigationController.m in Sources */,
				D375B5D517F4B8DC0046FAAD /* TDBrowserNavBar.m in Sources */,
				D372A80C165830E2005C2FED /* TDUtils.m in Sources */,
				D372A83616586231005C2FED /* TDHintView.m in Sources */,
			);
			runOnlyForDeploymentPostprocessing = 0;
		};
/* End PBXSourcesBuildPhase section */

/* Begin PBXVariantGroup section */
		D34359CB1525746600F9E581 /* BrowserView.xib */ = {
			isa = PBXVariantGroup;
			children = (
				D34359CC1525746600F9E581 /* en */,
			);
			name = BrowserView.xib;
			sourceTree = "<group>";
		};
		D34359CD1525746600F9E581 /* InfoPlist.strings */ = {
			isa = PBXVariantGroup;
			children = (
				D34359CE1525746600F9E581 /* en */,
			);
			name = InfoPlist.strings;
			sourceTree = "<group>";
		};
		D34359CF1525746600F9E581 /* MainWindow.xib */ = {
			isa = PBXVariantGroup;
			children = (
				D34359D01525746600F9E581 /* en */,
			);
			name = MainWindow.xib;
			sourceTree = "<group>";
		};
		D34359D11525746600F9E581 /* RootView.xib */ = {
			isa = PBXVariantGroup;
			children = (
				D34359D21525746600F9E581 /* en */,
			);
			name = RootView.xib;
			sourceTree = "<group>";
		};
/* End PBXVariantGroup section */

/* Begin XCBuildConfiguration section */
		1D6058940D05DD3E006BFB54 /* Debug */ = {
			isa = XCBuildConfiguration;
			buildSettings = {
				ALWAYS_SEARCH_USER_PATHS = NO;
				ASSETCATALOG_COMPILER_APPICON_NAME = AppIcon;
				ASSETCATALOG_COMPILER_LAUNCHIMAGE_NAME = LaunchImage;
				CODE_SIGN_IDENTITY = "iPhone Developer";
				"CODE_SIGN_IDENTITY[sdk=iphoneos*]" = "iPhone Developer";
				COPY_PHASE_STRIP = NO;
				DEVELOPMENT_TEAM = 9867TNT66D;
				GCC_DYNAMIC_NO_PIC = NO;
				GCC_OPTIMIZATION_LEVEL = 0;
				GCC_PRECOMPILE_PREFIX_HEADER = YES;
				GCC_PREFIX_HEADER = Source/TechBrowser_Prefix.pch;
				INFOPLIST_FILE = "TechBrowser-Info.plist";
				IPHONEOS_DEPLOYMENT_TARGET = 8.0;
				PRODUCT_BUNDLE_IDENTIFIER = "nu.tod.${PRODUCT_NAME:rfc1034identifier}";
				PRODUCT_NAME = TechBrowser;
				PROVISIONING_PROFILE = "bb76c61c-4c96-498b-bdfa-aa437eb892ec";
				"PROVISIONING_PROFILE[sdk=iphoneos*]" = "";
				PROVISIONING_PROFILE_SPECIFIER = "DEV: TechBrowser";
			};
			name = Debug;
		};
		1D6058950D05DD3E006BFB54 /* Release */ = {
			isa = XCBuildConfiguration;
			buildSettings = {
				ALWAYS_SEARCH_USER_PATHS = NO;
				ASSETCATALOG_COMPILER_APPICON_NAME = AppIcon;
				ASSETCATALOG_COMPILER_LAUNCHIMAGE_NAME = LaunchImage;
				CODE_SIGN_IDENTITY = "iPhone Developer";
				"CODE_SIGN_IDENTITY[sdk=iphoneos*]" = "iPhone Distribution";
				COPY_PHASE_STRIP = YES;
				DEVELOPMENT_TEAM = 9867TNT66D;
				GCC_PRECOMPILE_PREFIX_HEADER = YES;
				GCC_PREFIX_HEADER = Source/TechBrowser_Prefix.pch;
				INFOPLIST_FILE = "TechBrowser-Info.plist";
				IPHONEOS_DEPLOYMENT_TARGET = 8.0;
				PRODUCT_BUNDLE_IDENTIFIER = "nu.tod.${PRODUCT_NAME:rfc1034identifier}";
				PRODUCT_NAME = TechBrowser;
				PROVISIONING_PROFILE = "f42dd919-76c3-407d-b52d-0eca1c7afe06";
				"PROVISIONING_PROFILE[sdk=iphoneos*]" = "";
				PROVISIONING_PROFILE_SPECIFIER = "AS: TechBrowser";
			};
			name = Release;
		};
		C01FCF4F08A954540054247B /* Debug */ = {
			isa = XCBuildConfiguration;
			buildSettings = {
				CLANG_ANALYZER_LOCALIZABILITY_NONLOCALIZED = YES;
				CLANG_WARN_BOOL_CONVERSION = YES;
				CLANG_WARN_CONSTANT_CONVERSION = YES;
				CLANG_WARN_EMPTY_BODY = YES;
				CLANG_WARN_ENUM_CONVERSION = YES;
				CLANG_WARN_INFINITE_RECURSION = YES;
				CLANG_WARN_INT_CONVERSION = YES;
				CLANG_WARN_SUSPICIOUS_MOVE = YES;
				CLANG_WARN_UNREACHABLE_CODE = YES;
				CLANG_WARN__DUPLICATE_METHOD_MATCH = YES;
				"CODE_SIGN_IDENTITY[sdk=iphoneos*]" = "iPhone Developer";
				ENABLE_STRICT_OBJC_MSGSEND = YES;
				ENABLE_TESTABILITY = YES;
				GCC_C_LANGUAGE_STANDARD = c99;
				GCC_NO_COMMON_BLOCKS = YES;
				GCC_WARN_64_TO_32_BIT_CONVERSION = YES;
				GCC_WARN_ABOUT_RETURN_TYPE = YES;
				GCC_WARN_UNDECLARED_SELECTOR = YES;
				GCC_WARN_UNINITIALIZED_AUTOS = YES;
				GCC_WARN_UNUSED_FUNCTION = YES;
				GCC_WARN_UNUSED_VARIABLE = YES;
				IPHONEOS_DEPLOYMENT_TARGET = 8.0;
				ONLY_ACTIVE_ARCH = YES;
				SDKROOT = iphoneos;
			};
			name = Debug;
		};
		C01FCF5008A954540054247B /* Release */ = {
			isa = XCBuildConfiguration;
			buildSettings = {
				CLANG_ANALYZER_LOCALIZABILITY_NONLOCALIZED = YES;
				CLANG_WARN_BOOL_CONVERSION = YES;
				CLANG_WARN_CONSTANT_CONVERSION = YES;
				CLANG_WARN_EMPTY_BODY = YES;
				CLANG_WARN_ENUM_CONVERSION = YES;
				CLANG_WARN_INFINITE_RECURSION = YES;
				CLANG_WARN_INT_CONVERSION = YES;
				CLANG_WARN_SUSPICIOUS_MOVE = YES;
				CLANG_WARN_UNREACHABLE_CODE = YES;
				CLANG_WARN__DUPLICATE_METHOD_MATCH = YES;
				"CODE_SIGN_IDENTITY[sdk=iphoneos*]" = "iPhone Developer";
				ENABLE_STRICT_OBJC_MSGSEND = YES;
				GCC_C_LANGUAGE_STANDARD = c99;
				GCC_NO_COMMON_BLOCKS = YES;
				GCC_WARN_64_TO_32_BIT_CONVERSION = YES;
				GCC_WARN_ABOUT_RETURN_TYPE = YES;
				GCC_WARN_UNDECLARED_SELECTOR = YES;
				GCC_WARN_UNINITIALIZED_AUTOS = YES;
				GCC_WARN_UNUSED_FUNCTION = YES;
				GCC_WARN_UNUSED_VARIABLE = YES;
				IPHONEOS_DEPLOYMENT_TARGET = 8.0;
				SDKROOT = iphoneos;
			};
			name = Release;
		};
		D343599315256FD300F9E581 /* Debug */ = {
			isa = XCBuildConfiguration;
			buildSettings = {
				ALWAYS_SEARCH_USER_PATHS = NO;
				"CODE_SIGN_IDENTITY[sdk=iphoneos*]" = "iPhone Developer: Todd Ditchendorf (6GHBXHUGD9)";
				COPY_PHASE_STRIP = NO;
				GCC_C_LANGUAGE_STANDARD = gnu99;
				GCC_DYNAMIC_NO_PIC = NO;
				GCC_OPTIMIZATION_LEVEL = 0;
				GCC_PRECOMPILE_PREFIX_HEADER = YES;
				GCC_PREFIX_HEADER = "SnarkBrowsa/SnarkBrowsa-Prefix.pch";
				GCC_PREPROCESSOR_DEFINITIONS = (
					"DEBUG=1",
					"$(inherited)",
				);
				GCC_SYMBOLS_PRIVATE_EXTERN = NO;
				GCC_VERSION = com.apple.compilers.llvm.clang.1_0;
				GCC_WARN_UNINITIALIZED_AUTOS = YES;
				INFOPLIST_FILE = "SnarkBrowsa/SnarkBrowsa-Info.plist";
				IPHONEOS_DEPLOYMENT_TARGET = 8.0;
				PRODUCT_BUNDLE_IDENTIFIER = "nu.tod.${PRODUCT_NAME:rfc1034identifier}";
				PRODUCT_NAME = "$(TARGET_NAME)";
				"PROVISIONING_PROFILE[sdk=iphoneos*]" = "42B9EEED-5C60-4FE5-BB29-20DABB340540";
				WRAPPER_EXTENSION = app;
			};
			name = Debug;
		};
		D343599415256FD300F9E581 /* Release */ = {
			isa = XCBuildConfiguration;
			buildSettings = {
				ALWAYS_SEARCH_USER_PATHS = NO;
				"CODE_SIGN_IDENTITY[sdk=iphoneos*]" = "iPhone Developer";
				COPY_PHASE_STRIP = YES;
				GCC_C_LANGUAGE_STANDARD = gnu99;
				GCC_PRECOMPILE_PREFIX_HEADER = YES;
				GCC_PREFIX_HEADER = "SnarkBrowsa/SnarkBrowsa-Prefix.pch";
				GCC_VERSION = com.apple.compilers.llvm.clang.1_0;
				GCC_WARN_UNINITIALIZED_AUTOS = YES;
				INFOPLIST_FILE = "SnarkBrowsa/SnarkBrowsa-Info.plist";
				IPHONEOS_DEPLOYMENT_TARGET = 8.0;
				OTHER_CFLAGS = "-DNS_BLOCK_ASSERTIONS=1";
				PRODUCT_BUNDLE_IDENTIFIER = "nu.tod.${PRODUCT_NAME:rfc1034identifier}";
				PRODUCT_NAME = "$(TARGET_NAME)";
				VALIDATE_PRODUCT = YES;
				WRAPPER_EXTENSION = app;
			};
			name = Release;
		};
		D3DCA0C715BB79F7007F3862 /* Distribution */ = {
			isa = XCBuildConfiguration;
			buildSettings = {
				CLANG_ANALYZER_LOCALIZABILITY_NONLOCALIZED = YES;
				CLANG_WARN_BOOL_CONVERSION = YES;
				CLANG_WARN_CONSTANT_CONVERSION = YES;
				CLANG_WARN_EMPTY_BODY = YES;
				CLANG_WARN_ENUM_CONVERSION = YES;
				CLANG_WARN_INFINITE_RECURSION = YES;
				CLANG_WARN_INT_CONVERSION = YES;
				CLANG_WARN_SUSPICIOUS_MOVE = YES;
				CLANG_WARN_UNREACHABLE_CODE = YES;
				CLANG_WARN__DUPLICATE_METHOD_MATCH = YES;
				"CODE_SIGN_IDENTITY[sdk=iphoneos*]" = "iPhone Developer";
				ENABLE_STRICT_OBJC_MSGSEND = YES;
				GCC_C_LANGUAGE_STANDARD = c99;
				GCC_NO_COMMON_BLOCKS = YES;
				GCC_WARN_64_TO_32_BIT_CONVERSION = YES;
				GCC_WARN_ABOUT_RETURN_TYPE = YES;
				GCC_WARN_UNDECLARED_SELECTOR = YES;
				GCC_WARN_UNINITIALIZED_AUTOS = YES;
				GCC_WARN_UNUSED_FUNCTION = YES;
				GCC_WARN_UNUSED_VARIABLE = YES;
				IPHONEOS_DEPLOYMENT_TARGET = 8.0;
				SDKROOT = iphoneos;
			};
			name = Distribution;
		};
		D3DCA0C815BB79F7007F3862 /* Distribution */ = {
			isa = XCBuildConfiguration;
			buildSettings = {
				ALWAYS_SEARCH_USER_PATHS = NO;
				ASSETCATALOG_COMPILER_APPICON_NAME = AppIcon;
				ASSETCATALOG_COMPILER_LAUNCHIMAGE_NAME = LaunchImage;
				CODE_SIGN_IDENTITY = "iPhone Developer: Todd Ditchendorf (6GHBXHUGD9)";
				"CODE_SIGN_IDENTITY[sdk=iphoneos*]" = "iPhone Distribution";
				COPY_PHASE_STRIP = YES;
				DEVELOPMENT_TEAM = 9867TNT66D;
				GCC_PRECOMPILE_PREFIX_HEADER = YES;
				GCC_PREFIX_HEADER = Source/TechBrowser_Prefix.pch;
				INFOPLIST_FILE = "TechBrowser-Info.plist";
				IPHONEOS_DEPLOYMENT_TARGET = 8.0;
				PRODUCT_BUNDLE_IDENTIFIER = "nu.tod.${PRODUCT_NAME:rfc1034identifier}";
				PRODUCT_NAME = TechBrowser;
				PROVISIONING_PROFILE = "f42dd919-76c3-407d-b52d-0eca1c7afe06";
				"PROVISIONING_PROFILE[sdk=iphoneos*]" = "";
				PROVISIONING_PROFILE_SPECIFIER = "AS: TechBrowser";
			};
			name = Distribution;
		};
		D3DCA0C915BB79F7007F3862 /* Distribution */ = {
			isa = XCBuildConfiguration;
			buildSettings = {
				ALWAYS_SEARCH_USER_PATHS = NO;
				"CODE_SIGN_IDENTITY[sdk=iphoneos*]" = "iPhone Developer";
				COPY_PHASE_STRIP = YES;
				GCC_C_LANGUAGE_STANDARD = gnu99;
				GCC_PRECOMPILE_PREFIX_HEADER = YES;
				GCC_PREFIX_HEADER = "SnarkBrowsa/SnarkBrowsa-Prefix.pch";
				GCC_VERSION = com.apple.compilers.llvm.clang.1_0;
				GCC_WARN_UNINITIALIZED_AUTOS = YES;
				INFOPLIST_FILE = "SnarkBrowsa/SnarkBrowsa-Info.plist";
				IPHONEOS_DEPLOYMENT_TARGET = 8.0;
				OTHER_CFLAGS = "-DNS_BLOCK_ASSERTIONS=1";
				PRODUCT_BUNDLE_IDENTIFIER = "nu.tod.${PRODUCT_NAME:rfc1034identifier}";
				PRODUCT_NAME = "$(TARGET_NAME)";
				VALIDATE_PRODUCT = YES;
				WRAPPER_EXTENSION = app;
			};
			name = Distribution;
		};
/* End XCBuildConfiguration section */

/* Begin XCConfigurationList section */
		1D6058960D05DD3E006BFB54 /* Build configuration list for PBXNativeTarget "TechBrowser" */ = {
			isa = XCConfigurationList;
			buildConfigurations = (
				1D6058940D05DD3E006BFB54 /* Debug */,
				1D6058950D05DD3E006BFB54 /* Release */,
				D3DCA0C815BB79F7007F3862 /* Distribution */,
			);
			defaultConfigurationIsVisible = 0;
			defaultConfigurationName = Release;
		};
		C01FCF4E08A954540054247B /* Build configuration list for PBXProject "TechBrowser" */ = {
			isa = XCConfigurationList;
			buildConfigurations = (
				C01FCF4F08A954540054247B /* Debug */,
				C01FCF5008A954540054247B /* Release */,
				D3DCA0C715BB79F7007F3862 /* Distribution */,
			);
			defaultConfigurationIsVisible = 0;
			defaultConfigurationName = Release;
		};
		D343599515256FD300F9E581 /* Build configuration list for PBXNativeTarget "SnarkBrowsa" */ = {
			isa = XCConfigurationList;
			buildConfigurations = (
				D343599315256FD300F9E581 /* Debug */,
				D343599415256FD300F9E581 /* Release */,
				D3DCA0C915BB79F7007F3862 /* Distribution */,
			);
			defaultConfigurationIsVisible = 0;
			defaultConfigurationName = Release;
		};
/* End XCConfigurationList section */
	};
	rootObject = 29B97313FDCFA39411CA2CEA /* Project object */;
}
