// !$*UTF8*$!
{
	archiveVersion = 1;
	classes = {
	};
	objectVersion = 46;
	objects = {

/* Begin PBXBuildFile section */
		1D60589F0D05DD5A006BFB54 /* Foundation.framework in Frameworks */ = {isa = PBXBuildFile; fileRef = 1D30AB110D05D00D00671497 /* Foundation.framework */; };
		1DF5F4E00D08C38300B7A737 /* UIKit.framework in Frameworks */ = {isa = PBXBuildFile; fileRef = 1DF5F4DF0D08C38300B7A737 /* UIKit.framework */; };
		288765FD0DF74451002DB57D /* CoreGraphics.framework in Frameworks */ = {isa = PBXBuildFile; fileRef = 288765FC0DF74451002DB57D /* CoreGraphics.framework */; };
		D309EC2616177C6400F6AA75 /* Default@2x.png in Resources */ = {isa = PBXBuildFile; fileRef = D309EC2516177C6400F6AA75 /* Default@2x.png */; };
		D309EC2916177C6D00F6AA75 /* Default-568h@2x.png in Resources */ = {isa = PBXBuildFile; fileRef = D309EC2816177C6D00F6AA75 /* Default-568h@2x.png */; };
		D309EC2C16177FD500F6AA75 /* TBRootNavigationController.m in Sources */ = {isa = PBXBuildFile; fileRef = D309EC2B16177FD500F6AA75 /* TBRootNavigationController.m */; };
		D309EC2D16177FD500F6AA75 /* TBRootNavigationController.m in Sources */ = {isa = PBXBuildFile; fileRef = D309EC2B16177FD500F6AA75 /* TBRootNavigationController.m */; };
		D315B07410B99CA7002BF1B2 /* MessageUI.framework in Frameworks */ = {isa = PBXBuildFile; fileRef = D315B07310B99CA7002BF1B2 /* MessageUI.framework */; };
		D315B09A10B99E1C002BF1B2 /* MobileCoreServices.framework in Frameworks */ = {isa = PBXBuildFile; fileRef = D315B09910B99E1C002BF1B2 /* MobileCoreServices.framework */; };
		D315B14B10B9A9F3002BF1B2 /* barbuttonitem_plain_bg.png in Resources */ = {isa = PBXBuildFile; fileRef = D315B14A10B9A9F3002BF1B2 /* barbuttonitem_plain_bg.png */; };
		D315B2D310BA1166002BF1B2 /* Default.png in Resources */ = {isa = PBXBuildFile; fileRef = D315B2CF10BA1166002BF1B2 /* Default.png */; };
		D319FA4415256E9A00112E7C /* FUWildcardPattern.m in Sources */ = {isa = PBXBuildFile; fileRef = D3A60C2215256BD300BE5F75 /* FUWildcardPattern.m */; };
		D343598415256FD300F9E581 /* UIKit.framework in Frameworks */ = {isa = PBXBuildFile; fileRef = 1DF5F4DF0D08C38300B7A737 /* UIKit.framework */; };
		D343598515256FD300F9E581 /* Foundation.framework in Frameworks */ = {isa = PBXBuildFile; fileRef = 1D30AB110D05D00D00671497 /* Foundation.framework */; };
		D343598615256FD300F9E581 /* CoreGraphics.framework in Frameworks */ = {isa = PBXBuildFile; fileRef = 288765FC0DF74451002DB57D /* CoreGraphics.framework */; };
		D343598E15256FD300F9E581 /* main.m in Sources */ = {isa = PBXBuildFile; fileRef = D343598D15256FD300F9E581 /* main.m */; };
		D34359971525701100F9E581 /* TBAppDelegate.m in Sources */ = {isa = PBXBuildFile; fileRef = D3AFDCC110B8F5BE007E6BBA /* TBAppDelegate.m */; };
		D34359981525701100F9E581 /* TDBaseViewController.m in Sources */ = {isa = PBXBuildFile; fileRef = D3AFDD7510B90EE4007E6BBA /* TDBaseViewController.m */; };
		D34359991525701100F9E581 /* TDBrowserViewController.m in Sources */ = {isa = PBXBuildFile; fileRef = D3AFDD6610B90DD5007E6BBA /* TDBrowserViewController.m */; };
		D343599A1525701100F9E581 /* TDPullRefreshBrowserViewController.m in Sources */ = {isa = PBXBuildFile; fileRef = D3BE51C613AA567400CD53E5 /* TDPullRefreshBrowserViewController.m */; };
		D343599B1525701100F9E581 /* TBRootViewController.m in Sources */ = {isa = PBXBuildFile; fileRef = D3AFDD2210B8F8AD007E6BBA /* TBRootViewController.m */; };
		D343599C1525701100F9E581 /* TBUserDefaults.m in Sources */ = {isa = PBXBuildFile; fileRef = D35973FE15252A9F00C67B01 /* TBUserDefaults.m */; };
		D343599D1525701100F9E581 /* FUWildcardPattern.m in Sources */ = {isa = PBXBuildFile; fileRef = D3A60C2215256BD300BE5F75 /* FUWildcardPattern.m */; };
		D343599E1525701100F9E581 /* TDBackButton.m in Sources */ = {isa = PBXBuildFile; fileRef = D3AA2E7510BA3C3400C2DC50 /* TDBackButton.m */; };
		D34359A01525706F00F9E581 /* DefaultValues-SnarkBrowsa.plist in Resources */ = {isa = PBXBuildFile; fileRef = D343599F1525706F00F9E581 /* DefaultValues-SnarkBrowsa.plist */; };
		D34359A1152570AC00F9E581 /* QuartzCore.framework in Frameworks */ = {isa = PBXBuildFile; fileRef = D3BE51C813AA56BC00CD53E5 /* QuartzCore.framework */; };
		D34359A2152570AC00F9E581 /* MessageUI.framework in Frameworks */ = {isa = PBXBuildFile; fileRef = D315B07310B99CA7002BF1B2 /* MessageUI.framework */; };
		D34359A3152570AC00F9E581 /* MobileCoreServices.framework in Frameworks */ = {isa = PBXBuildFile; fileRef = D315B09910B99E1C002BF1B2 /* MobileCoreServices.framework */; };
		D34359A4152570C000F9E581 /* arrow.png in Resources */ = {isa = PBXBuildFile; fileRef = D3A4BFEF13ACFC7C0064D56A /* arrow.png */; };
		D34359A5152570C000F9E581 /* Default.png in Resources */ = {isa = PBXBuildFile; fileRef = D315B2CF10BA1166002BF1B2 /* Default.png */; };
		D34359A6152570C000F9E581 /* Icon-Small.png in Resources */ = {isa = PBXBuildFile; fileRef = D3BE51B313A9172800CD53E5 /* Icon-Small.png */; };
		D34359A7152570C000F9E581 /* Icon.png in Resources */ = {isa = PBXBuildFile; fileRef = D3BE51B413A9172800CD53E5 /* Icon.png */; };
		D34359A8152570C000F9E581 /* Icon@2x.png in Resources */ = {isa = PBXBuildFile; fileRef = D3BE51B513A9172800CD53E5 /* Icon@2x.png */; };
		D34359A9152570C000F9E581 /* Icon-Large.png in Resources */ = {isa = PBXBuildFile; fileRef = D3BE51B913A9187500CD53E5 /* Icon-Large.png */; };
		D34359AA152570C000F9E581 /* barbuttonitem_plain_bg.png in Resources */ = {isa = PBXBuildFile; fileRef = D315B14A10B9A9F3002BF1B2 /* barbuttonitem_plain_bg.png */; };
		D34359AB152570C000F9E581 /* arrow-left.png in Resources */ = {isa = PBXBuildFile; fileRef = D3AFDDCE10B915BD007E6BBA /* arrow-left.png */; };
		D34359AC152570C000F9E581 /* arrow-right.png in Resources */ = {isa = PBXBuildFile; fileRef = D3AFDDCF10B915BD007E6BBA /* arrow-right.png */; };
		D34359AD152570C000F9E581 /* iTunesArtwork.png in Resources */ = {isa = PBXBuildFile; fileRef = D3BE51BB13A9B4B100CD53E5 /* iTunesArtwork.png */; };
		D34359AE152570C000F9E581 /* button_UINavigationBarDefaultBack.png in Resources */ = {isa = PBXBuildFile; fileRef = D35973E91524E93300C67B01 /* button_UINavigationBarDefaultBack.png */; };
		D34359AF152570C000F9E581 /* button_UINavigationBarDefaultBack@2x.png in Resources */ = {isa = PBXBuildFile; fileRef = D35973EA1524E93300C67B01 /* button_UINavigationBarDefaultBack@2x.png */; };
		D34359B0152570C000F9E581 /* button_UINavigationBarDefaultBackPressed.png in Resources */ = {isa = PBXBuildFile; fileRef = D35973EB1524E93300C67B01 /* button_UINavigationBarDefaultBackPressed.png */; };
		D34359B1152570C000F9E581 /* button_UINavigationBarDefaultBackPressed@2x.png in Resources */ = {isa = PBXBuildFile; fileRef = D35973EC1524E93300C67B01 /* button_UINavigationBarDefaultBackPressed@2x.png */; };
		D34359D31525746600F9E581 /* BrowserView.xib in Resources */ = {isa = PBXBuildFile; fileRef = D34359CB1525746600F9E581 /* BrowserView.xib */; };
		D34359D41525746600F9E581 /* BrowserView.xib in Resources */ = {isa = PBXBuildFile; fileRef = D34359CB1525746600F9E581 /* BrowserView.xib */; };
		D34359D51525746600F9E581 /* InfoPlist.strings in Resources */ = {isa = PBXBuildFile; fileRef = D34359CD1525746600F9E581 /* InfoPlist.strings */; };
		D34359D61525746600F9E581 /* InfoPlist.strings in Resources */ = {isa = PBXBuildFile; fileRef = D34359CD1525746600F9E581 /* InfoPlist.strings */; };
		D34359D71525746600F9E581 /* MainWindow.xib in Resources */ = {isa = PBXBuildFile; fileRef = D34359CF1525746600F9E581 /* MainWindow.xib */; };
		D34359D81525746600F9E581 /* MainWindow.xib in Resources */ = {isa = PBXBuildFile; fileRef = D34359CF1525746600F9E581 /* MainWindow.xib */; };
		D34359D91525746600F9E581 /* RootView.xib in Resources */ = {isa = PBXBuildFile; fileRef = D34359D11525746600F9E581 /* RootView.xib */; };
		D34359DA1525746600F9E581 /* RootView.xib in Resources */ = {isa = PBXBuildFile; fileRef = D34359D11525746600F9E581 /* RootView.xib */; };
		D35973ED1524E93300C67B01 /* button_UINavigationBarDefaultBack.png in Resources */ = {isa = PBXBuildFile; fileRef = D35973E91524E93300C67B01 /* button_UINavigationBarDefaultBack.png */; };
		D35973EE1524E93300C67B01 /* button_UINavigationBarDefaultBack@2x.png in Resources */ = {isa = PBXBuildFile; fileRef = D35973EA1524E93300C67B01 /* button_UINavigationBarDefaultBack@2x.png */; };
		D35973EF1524E93300C67B01 /* button_UINavigationBarDefaultBackPressed.png in Resources */ = {isa = PBXBuildFile; fileRef = D35973EB1524E93300C67B01 /* button_UINavigationBarDefaultBackPressed.png */; };
		D35973F01524E93300C67B01 /* button_UINavigationBarDefaultBackPressed@2x.png in Resources */ = {isa = PBXBuildFile; fileRef = D35973EC1524E93300C67B01 /* button_UINavigationBarDefaultBackPressed@2x.png */; };
		D35973F11524F6C200C67B01 /* TDBackButton.m in Sources */ = {isa = PBXBuildFile; fileRef = D3AA2E7510BA3C3400C2DC50 /* TDBackButton.m */; };
		D35973F31525124100C67B01 /* DefaultValues-TechBrowser.plist in Resources */ = {isa = PBXBuildFile; fileRef = D35973F21525124100C67B01 /* DefaultValues-TechBrowser.plist */; };
		D35973FF15252A9F00C67B01 /* TBUserDefaults.m in Sources */ = {isa = PBXBuildFile; fileRef = D35973FE15252A9F00C67B01 /* TBUserDefaults.m */; };
		D372A7F01658302A005C2FED /* TJReadingService.m in Sources */ = {isa = PBXBuildFile; fileRef = D372A7D31658302A005C2FED /* TJReadingService.m */; };
		D372A7F11658302A005C2FED /* TJReadingService.m in Sources */ = {isa = PBXBuildFile; fileRef = D372A7D31658302A005C2FED /* TJReadingService.m */; };
		D372A7F21658302A005C2FED /* NSData+Base64.m in Sources */ = {isa = PBXBuildFile; fileRef = D372A7D61658302A005C2FED /* NSData+Base64.m */; };
		D372A7F31658302A005C2FED /* NSData+Base64.m in Sources */ = {isa = PBXBuildFile; fileRef = D372A7D61658302A005C2FED /* NSData+Base64.m */; };
		D372A7F61658302A005C2FED /* TJDelicious.m in Sources */ = {isa = PBXBuildFile; fileRef = D372A7DA1658302A005C2FED /* TJDelicious.m */; };
		D372A7F71658302A005C2FED /* TJDelicious.m in Sources */ = {isa = PBXBuildFile; fileRef = D372A7DA1658302A005C2FED /* TJDelicious.m */; };
		D372A7F81658302A005C2FED /* TJInstapaper.m in Sources */ = {isa = PBXBuildFile; fileRef = D372A7DC1658302A005C2FED /* TJInstapaper.m */; };
		D372A7F91658302A005C2FED /* TJInstapaper.m in Sources */ = {isa = PBXBuildFile; fileRef = D372A7DC1658302A005C2FED /* TJInstapaper.m */; };
		D372A7FA1658302A005C2FED /* TJKippt.m in Sources */ = {isa = PBXBuildFile; fileRef = D372A7DE1658302A005C2FED /* TJKippt.m */; };
		D372A7FB1658302A005C2FED /* TJKippt.m in Sources */ = {isa = PBXBuildFile; fileRef = D372A7DE1658302A005C2FED /* TJKippt.m */; };
		D372A7FC1658302A005C2FED /* TJPinboard.m in Sources */ = {isa = PBXBuildFile; fileRef = D372A7E01658302A005C2FED /* TJPinboard.m */; };
		D372A7FD1658302A005C2FED /* TJPinboard.m in Sources */ = {isa = PBXBuildFile; fileRef = D372A7E01658302A005C2FED /* TJPinboard.m */; };
		D372A7FE1658302A005C2FED /* TJPocket.m in Sources */ = {isa = PBXBuildFile; fileRef = D372A7E21658302A005C2FED /* TJPocket.m */; };
		D372A7FF1658302A005C2FED /* TJPocket.m in Sources */ = {isa = PBXBuildFile; fileRef = D372A7E21658302A005C2FED /* TJPocket.m */; };
		D372A8001658302A005C2FED /* TJReadability.m in Sources */ = {isa = PBXBuildFile; fileRef = D372A7E41658302A005C2FED /* TJReadability.m */; };
		D372A8011658302A005C2FED /* TJReadability.m in Sources */ = {isa = PBXBuildFile; fileRef = D372A7E41658302A005C2FED /* TJReadability.m */; };
		D372A8021658302A005C2FED /* Base64Transcoder.c in Sources */ = {isa = PBXBuildFile; fileRef = D372A7E81658302A005C2FED /* Base64Transcoder.c */; };
		D372A8031658302A005C2FED /* Base64Transcoder.c in Sources */ = {isa = PBXBuildFile; fileRef = D372A7E81658302A005C2FED /* Base64Transcoder.c */; };
		D372A8041658302A005C2FED /* OAHMAC_SHA1SignatureProvider.m in Sources */ = {isa = PBXBuildFile; fileRef = D372A7EB1658302A005C2FED /* OAHMAC_SHA1SignatureProvider.m */; };
		D372A8051658302A005C2FED /* OAHMAC_SHA1SignatureProvider.m in Sources */ = {isa = PBXBuildFile; fileRef = D372A7EB1658302A005C2FED /* OAHMAC_SHA1SignatureProvider.m */; };
		D372A8061658302A005C2FED /* TJReadingServiceViewController.m in Sources */ = {isa = PBXBuildFile; fileRef = D372A7EF1658302A005C2FED /* TJReadingServiceViewController.m */; };
		D372A8071658302A005C2FED /* TJReadingServiceViewController.m in Sources */ = {isa = PBXBuildFile; fileRef = D372A7EF1658302A005C2FED /* TJReadingServiceViewController.m */; };
		D372A80B165830E2005C2FED /* TDUtils.m in Sources */ = {isa = PBXBuildFile; fileRef = D372A80A165830E2005C2FED /* TDUtils.m */; };
		D372A80C165830E2005C2FED /* TDUtils.m in Sources */ = {isa = PBXBuildFile; fileRef = D372A80A165830E2005C2FED /* TDUtils.m */; };
		D372A83516586231005C2FED /* TDHintView.m in Sources */ = {isa = PBXBuildFile; fileRef = D372A83416586231005C2FED /* TDHintView.m */; };
		D372A83616586231005C2FED /* TDHintView.m in Sources */ = {isa = PBXBuildFile; fileRef = D372A83416586231005C2FED /* TDHintView.m */; };
		D375B5D417F4B6AC0046FAAD /* TDBrowserNavBar.m in Sources */ = {isa = PBXBuildFile; fileRef = D375B5D317F4B6AC0046FAAD /* TDBrowserNavBar.m */; };
		D375B5D517F4B8DC0046FAAD /* TDBrowserNavBar.m in Sources */ = {isa = PBXBuildFile; fileRef = D375B5D317F4B6AC0046FAAD /* TDBrowserNavBar.m */; };
		D3A4BFF013ACFC7C0064D56A /* arrow.png in Resources */ = {isa = PBXBuildFile; fileRef = D3A4BFEF13ACFC7C0064D56A /* arrow.png */; };
		D3A83BF8166D958200F52ACA /* arrow-left@2x.png in Resources */ = {isa = PBXBuildFile; fileRef = D3A83BF6166D958200F52ACA /* arrow-left@2x.png */; };
		D3A83BF9166D958200F52ACA /* arrow-left@2x.png in Resources */ = {isa = PBXBuildFile; fileRef = D3A83BF6166D958200F52ACA /* arrow-left@2x.png */; };
		D3A83BFA166D958200F52ACA /* arrow-right@2x.png in Resources */ = {isa = PBXBuildFile; fileRef = D3A83BF7166D958200F52ACA /* arrow-right@2x.png */; };
		D3A83BFB166D958200F52ACA /* arrow-right@2x.png in Resources */ = {isa = PBXBuildFile; fileRef = D3A83BF7166D958200F52ACA /* arrow-right@2x.png */; };
		D3AFDCC210B8F5BE007E6BBA /* TBAppDelegate.m in Sources */ = {isa = PBXBuildFile; fileRef = D3AFDCC110B8F5BE007E6BBA /* TBAppDelegate.m */; };
		D3AFDCD110B8F61E007E6BBA /* main.m in Sources */ = {isa = PBXBuildFile; fileRef = D3AFDCD010B8F61E007E6BBA /* main.m */; };
		D3AFDD2410B8F8AD007E6BBA /* TBRootViewController.m in Sources */ = {isa = PBXBuildFile; fileRef = D3AFDD2210B8F8AD007E6BBA /* TBRootViewController.m */; };
		D3AFDD6710B90DD5007E6BBA /* TDBrowserViewController.m in Sources */ = {isa = PBXBuildFile; fileRef = D3AFDD6610B90DD5007E6BBA /* TDBrowserViewController.m */; };
		D3AFDD7610B90EE4007E6BBA /* TDBaseViewController.m in Sources */ = {isa = PBXBuildFile; fileRef = D3AFDD7510B90EE4007E6BBA /* TDBaseViewController.m */; };
		D3AFDDD010B915BD007E6BBA /* arrow-left.png in Resources */ = {isa = PBXBuildFile; fileRef = D3AFDDCE10B915BD007E6BBA /* arrow-left.png */; };
		D3AFDDD110B915BD007E6BBA /* arrow-right.png in Resources */ = {isa = PBXBuildFile; fileRef = D3AFDDCF10B915BD007E6BBA /* arrow-right.png */; };
		D3BE51B613A9172800CD53E5 /* Icon-Small.png in Resources */ = {isa = PBXBuildFile; fileRef = D3BE51B313A9172800CD53E5 /* Icon-Small.png */; };
		D3BE51B713A9172800CD53E5 /* Icon.png in Resources */ = {isa = PBXBuildFile; fileRef = D3BE51B413A9172800CD53E5 /* Icon.png */; };
		D3BE51B813A9172800CD53E5 /* Icon@2x.png in Resources */ = {isa = PBXBuildFile; fileRef = D3BE51B513A9172800CD53E5 /* Icon@2x.png */; };
		D3BE51BA13A9187500CD53E5 /* Icon-Large.png in Resources */ = {isa = PBXBuildFile; fileRef = D3BE51B913A9187500CD53E5 /* Icon-Large.png */; };
		D3BE51BC13A9B4B100CD53E5 /* iTunesArtwork.png in Resources */ = {isa = PBXBuildFile; fileRef = D3BE51BB13A9B4B100CD53E5 /* iTunesArtwork.png */; };
		D3BE51C713AA567400CD53E5 /* TDPullRefreshBrowserViewController.m in Sources */ = {isa = PBXBuildFile; fileRef = D3BE51C613AA567400CD53E5 /* TDPullRefreshBrowserViewController.m */; };
		D3BE51C913AA56BC00CD53E5 /* QuartzCore.framework in Frameworks */ = {isa = PBXBuildFile; fileRef = D3BE51C813AA56BC00CD53E5 /* QuartzCore.framework */; };
/* End PBXBuildFile section */

/* Begin PBXFileReference section */
		1D30AB110D05D00D00671497 /* Foundation.framework */ = {isa = PBXFileReference; lastKnownFileType = wrapper.framework; name = Foundation.framework; path = System/Library/Frameworks/Foundation.framework; sourceTree = SDKROOT; };
		1D6058910D05DD3D006BFB54 /* TechBrowser.app */ = {isa = PBXFileReference; explicitFileType = wrapper.application; includeInIndex = 0; path = TechBrowser.app; sourceTree = BUILT_PRODUCTS_DIR; };
		1DF5F4DF0D08C38300B7A737 /* UIKit.framework */ = {isa = PBXFileReference; lastKnownFileType = wrapper.framework; name = UIKit.framework; path = System/Library/Frameworks/UIKit.framework; sourceTree = SDKROOT; };
		288765FC0DF74451002DB57D /* CoreGraphics.framework */ = {isa = PBXFileReference; lastKnownFileType = wrapper.framework; name = CoreGraphics.framework; path = System/Library/Frameworks/CoreGraphics.framework; sourceTree = SDKROOT; };
		8D1107310486CEB800E47090 /* TechBrowser-Info.plist */ = {isa = PBXFileReference; fileEncoding = 4; lastKnownFileType = text.plist.xml; path = "TechBrowser-Info.plist"; plistStructureDefinitionIdentifier = "com.apple.xcode.plist.structure-definition.iphone.info-plist"; sourceTree = "<group>"; };
		D309EC2516177C6400F6AA75 /* Default@2x.png */ = {isa = PBXFileReference; lastKnownFileType = image.png; path = "Default@2x.png"; sourceTree = "<group>"; };
		D309EC2816177C6D00F6AA75 /* Default-568h@2x.png */ = {isa = PBXFileReference; lastKnownFileType = image.png; path = "Default-568h@2x.png"; sourceTree = "<group>"; };
		D309EC2A16177FD500F6AA75 /* TBRootNavigationController.h */ = {isa = PBXFileReference; fileEncoding = 4; lastKnownFileType = sourcecode.c.h; path = TBRootNavigationController.h; sourceTree = "<group>"; };
		D309EC2B16177FD500F6AA75 /* TBRootNavigationController.m */ = {isa = PBXFileReference; fileEncoding = 4; lastKnownFileType = sourcecode.c.objc; path = TBRootNavigationController.m; sourceTree = "<group>"; };
		D315B07310B99CA7002BF1B2 /* MessageUI.framework */ = {isa = PBXFileReference; lastKnownFileType = wrapper.framework; name = MessageUI.framework; path = System/Library/Frameworks/MessageUI.framework; sourceTree = SDKROOT; };
		D315B09910B99E1C002BF1B2 /* MobileCoreServices.framework */ = {isa = PBXFileReference; lastKnownFileType = wrapper.framework; name = MobileCoreServices.framework; path = System/Library/Frameworks/MobileCoreServices.framework; sourceTree = SDKROOT; };
		D315B14A10B9A9F3002BF1B2 /* barbuttonitem_plain_bg.png */ = {isa = PBXFileReference; lastKnownFileType = image.png; name = barbuttonitem_plain_bg.png; path = Resources/barbuttonitem_plain_bg.png; sourceTree = "<group>"; };
		D315B2CF10BA1166002BF1B2 /* Default.png */ = {isa = PBXFileReference; lastKnownFileType = image.png; path = Default.png; sourceTree = "<group>"; };
		D343598215256FD300F9E581 /* SnarkBrowsa.app */ = {isa = PBXFileReference; explicitFileType = wrapper.application; includeInIndex = 0; path = SnarkBrowsa.app; sourceTree = BUILT_PRODUCTS_DIR; };
		D343598915256FD300F9E581 /* SnarkBrowsa-Info.plist */ = {isa = PBXFileReference; lastKnownFileType = text.plist.xml; path = "SnarkBrowsa-Info.plist"; sourceTree = "<group>"; };
		D343598D15256FD300F9E581 /* main.m */ = {isa = PBXFileReference; lastKnownFileType = sourcecode.c.objc; path = main.m; sourceTree = "<group>"; };
		D343598F15256FD300F9E581 /* SnarkBrowsa-Prefix.pch */ = {isa = PBXFileReference; lastKnownFileType = sourcecode.c.h; path = "SnarkBrowsa-Prefix.pch"; sourceTree = "<group>"; };
		D343599F1525706F00F9E581 /* DefaultValues-SnarkBrowsa.plist */ = {isa = PBXFileReference; fileEncoding = 4; lastKnownFileType = text.plist.xml; name = "DefaultValues-SnarkBrowsa.plist"; path = "Resources/DefaultValues-SnarkBrowsa.plist"; sourceTree = SOURCE_ROOT; };
		D34359CC1525746600F9E581 /* en */ = {isa = PBXFileReference; lastKnownFileType = file.xib; name = en; path = en.lproj/BrowserView.xib; sourceTree = "<group>"; };
		D34359CE1525746600F9E581 /* en */ = {isa = PBXFileReference; lastKnownFileType = text.plist.strings; name = en; path = en.lproj/InfoPlist.strings; sourceTree = "<group>"; };
		D34359D01525746600F9E581 /* en */ = {isa = PBXFileReference; lastKnownFileType = file.xib; name = en; path = en.lproj/MainWindow.xib; sourceTree = "<group>"; };
		D34359D21525746600F9E581 /* en */ = {isa = PBXFileReference; lastKnownFileType = file.xib; name = en; path = en.lproj/RootView.xib; sourceTree = "<group>"; };
		D35973E91524E93300C67B01 /* button_UINavigationBarDefaultBack.png */ = {isa = PBXFileReference; lastKnownFileType = image.png; name = button_UINavigationBarDefaultBack.png; path = Resources/button_UINavigationBarDefaultBack.png; sourceTree = "<group>"; };
		D35973EA1524E93300C67B01 /* button_UINavigationBarDefaultBack@2x.png */ = {isa = PBXFileReference; lastKnownFileType = image.png; name = "button_UINavigationBarDefaultBack@2x.png"; path = "Resources/button_UINavigationBarDefaultBack@2x.png"; sourceTree = "<group>"; };
		D35973EB1524E93300C67B01 /* button_UINavigationBarDefaultBackPressed.png */ = {isa = PBXFileReference; lastKnownFileType = image.png; name = button_UINavigationBarDefaultBackPressed.png; path = Resources/button_UINavigationBarDefaultBackPressed.png; sourceTree = "<group>"; };
		D35973EC1524E93300C67B01 /* button_UINavigationBarDefaultBackPressed@2x.png */ = {isa = PBXFileReference; lastKnownFileType = image.png; name = "button_UINavigationBarDefaultBackPressed@2x.png"; path = "Resources/button_UINavigationBarDefaultBackPressed@2x.png"; sourceTree = "<group>"; };
		D35973F21525124100C67B01 /* DefaultValues-TechBrowser.plist */ = {isa = PBXFileReference; fileEncoding = 4; lastKnownFileType = text.plist.xml; name = "DefaultValues-TechBrowser.plist"; path = "Resources/DefaultValues-TechBrowser.plist"; sourceTree = "<group>"; };
		D35973FD15252A9F00C67B01 /* TBUserDefaults.h */ = {isa = PBXFileReference; fileEncoding = 4; lastKnownFileType = sourcecode.c.h; path = TBUserDefaults.h; sourceTree = "<group>"; };
		D35973FE15252A9F00C67B01 /* TBUserDefaults.m */ = {isa = PBXFileReference; fileEncoding = 4; lastKnownFileType = sourcecode.c.objc; path = TBUserDefaults.m; sourceTree = "<group>"; };
		D372A7D21658302A005C2FED /* TJReadingService.h */ = {isa = PBXFileReference; fileEncoding = 4; lastKnownFileType = sourcecode.c.h; path = TJReadingService.h; sourceTree = "<group>"; };
		D372A7D31658302A005C2FED /* TJReadingService.m */ = {isa = PBXFileReference; fileEncoding = 4; lastKnownFileType = sourcecode.c.objc; path = TJReadingService.m; sourceTree = "<group>"; };
		D372A7D51658302A005C2FED /* NSData+Base64.h */ = {isa = PBXFileReference; fileEncoding = 4; lastKnownFileType = sourcecode.c.h; path = "NSData+Base64.h"; sourceTree = "<group>"; };
		D372A7D61658302A005C2FED /* NSData+Base64.m */ = {isa = PBXFileReference; fileEncoding = 4; lastKnownFileType = sourcecode.c.objc; path = "NSData+Base64.m"; sourceTree = "<group>"; };
		D372A7D91658302A005C2FED /* TJDelicious.h */ = {isa = PBXFileReference; fileEncoding = 4; lastKnownFileType = sourcecode.c.h; path = TJDelicious.h; sourceTree = "<group>"; };
		D372A7DA1658302A005C2FED /* TJDelicious.m */ = {isa = PBXFileReference; fileEncoding = 4; lastKnownFileType = sourcecode.c.objc; path = TJDelicious.m; sourceTree = "<group>"; };
		D372A7DB1658302A005C2FED /* TJInstapaper.h */ = {isa = PBXFileReference; fileEncoding = 4; lastKnownFileType = sourcecode.c.h; path = TJInstapaper.h; sourceTree = "<group>"; };
		D372A7DC1658302A005C2FED /* TJInstapaper.m */ = {isa = PBXFileReference; fileEncoding = 4; lastKnownFileType = sourcecode.c.objc; path = TJInstapaper.m; sourceTree = "<group>"; };
		D372A7DD1658302A005C2FED /* TJKippt.h */ = {isa = PBXFileReference; fileEncoding = 4; lastKnownFileType = sourcecode.c.h; path = TJKippt.h; sourceTree = "<group>"; };
		D372A7DE1658302A005C2FED /* TJKippt.m */ = {isa = PBXFileReference; fileEncoding = 4; lastKnownFileType = sourcecode.c.objc; path = TJKippt.m; sourceTree = "<group>"; };
		D372A7DF1658302A005C2FED /* TJPinboard.h */ = {isa = PBXFileReference; fileEncoding = 4; lastKnownFileType = sourcecode.c.h; path = TJPinboard.h; sourceTree = "<group>"; };
		D372A7E01658302A005C2FED /* TJPinboard.m */ = {isa = PBXFileReference; fileEncoding = 4; lastKnownFileType = sourcecode.c.objc; path = TJPinboard.m; sourceTree = "<group>"; };
		D372A7E11658302A005C2FED /* TJPocket.h */ = {isa = PBXFileReference; fileEncoding = 4; lastKnownFileType = sourcecode.c.h; path = TJPocket.h; sourceTree = "<group>"; };
		D372A7E21658302A005C2FED /* TJPocket.m */ = {isa = PBXFileReference; fileEncoding = 4; lastKnownFileType = sourcecode.c.objc; path = TJPocket.m; sourceTree = "<group>"; };
		D372A7E31658302A005C2FED /* TJReadability.h */ = {isa = PBXFileReference; fileEncoding = 4; lastKnownFileType = sourcecode.c.h; path = TJReadability.h; sourceTree = "<group>"; };
		D372A7E41658302A005C2FED /* TJReadability.m */ = {isa = PBXFileReference; fileEncoding = 4; lastKnownFileType = sourcecode.c.objc; path = TJReadability.m; sourceTree = "<group>"; };
		D372A7E51658302A005C2FED /* TJReadLater.h */ = {isa = PBXFileReference; fileEncoding = 4; lastKnownFileType = sourcecode.c.h; path = TJReadLater.h; sourceTree = "<group>"; };
		D372A7E61658302A005C2FED /* TJReadLaterConfig.h */ = {isa = PBXFileReference; fileEncoding = 4; lastKnownFileType = sourcecode.c.h; path = TJReadLaterConfig.h; sourceTree = "<group>"; };
		D372A7E81658302A005C2FED /* Base64Transcoder.c */ = {isa = PBXFileReference; fileEncoding = 4; lastKnownFileType = sourcecode.c.c; path = Base64Transcoder.c; sourceTree = "<group>"; };
		D372A7E91658302A005C2FED /* Base64Transcoder.h */ = {isa = PBXFileReference; fileEncoding = 4; lastKnownFileType = sourcecode.c.h; path = Base64Transcoder.h; sourceTree = "<group>"; };
		D372A7EA1658302A005C2FED /* OAHMAC_SHA1SignatureProvider.h */ = {isa = PBXFileReference; fileEncoding = 4; lastKnownFileType = sourcecode.c.h; path = OAHMAC_SHA1SignatureProvider.h; sourceTree = "<group>"; };
		D372A7EB1658302A005C2FED /* OAHMAC_SHA1SignatureProvider.m */ = {isa = PBXFileReference; fileEncoding = 4; lastKnownFileType = sourcecode.c.objc; path = OAHMAC_SHA1SignatureProvider.m; sourceTree = "<group>"; };
		D372A7EC1658302A005C2FED /* OASignatureProviding.h */ = {isa = PBXFileReference; fileEncoding = 4; lastKnownFileType = sourcecode.c.h; path = OASignatureProviding.h; sourceTree = "<group>"; };
		D372A7EE1658302A005C2FED /* TJReadingServiceViewController.h */ = {isa = PBXFileReference; fileEncoding = 4; lastKnownFileType = sourcecode.c.h; path = TJReadingServiceViewController.h; sourceTree = "<group>"; };
		D372A7EF1658302A005C2FED /* TJReadingServiceViewController.m */ = {isa = PBXFileReference; fileEncoding = 4; lastKnownFileType = sourcecode.c.objc; path = TJReadingServiceViewController.m; sourceTree = "<group>"; };
		D372A80916583099005C2FED /* TDUtils.h */ = {isa = PBXFileReference; fileEncoding = 4; lastKnownFileType = sourcecode.c.h; path = TDUtils.h; sourceTree = "<group>"; };
		D372A80A165830E2005C2FED /* TDUtils.m */ = {isa = PBXFileReference; fileEncoding = 4; lastKnownFileType = sourcecode.c.objc; path = TDUtils.m; sourceTree = "<group>"; };
		D372A83316586231005C2FED /* TDHintView.h */ = {isa = PBXFileReference; fileEncoding = 4; lastKnownFileType = sourcecode.c.h; path = TDHintView.h; sourceTree = "<group>"; };
		D372A83416586231005C2FED /* TDHintView.m */ = {isa = PBXFileReference; fileEncoding = 4; lastKnownFileType = sourcecode.c.objc; path = TDHintView.m; sourceTree = "<group>"; };
		D375B5D217F4B6AC0046FAAD /* TDBrowserNavBar.h */ = {isa = PBXFileReference; fileEncoding = 4; lastKnownFileType = sourcecode.c.h; path = TDBrowserNavBar.h; sourceTree = "<group>"; };
		D375B5D317F4B6AC0046FAAD /* TDBrowserNavBar.m */ = {isa = PBXFileReference; fileEncoding = 4; lastKnownFileType = sourcecode.c.objc; path = TDBrowserNavBar.m; sourceTree = "<group>"; };
		D3A4BFEF13ACFC7C0064D56A /* arrow.png */ = {isa = PBXFileReference; lastKnownFileType = image.png; path = arrow.png; sourceTree = "<group>"; };
		D3A60C2115256BD300BE5F75 /* FUWildcardPattern.h */ = {isa = PBXFileReference; lastKnownFileType = sourcecode.c.h; path = FUWildcardPattern.h; sourceTree = "<group>"; };
		D3A60C2215256BD300BE5F75 /* FUWildcardPattern.m */ = {isa = PBXFileReference; lastKnownFileType = sourcecode.c.objc; path = FUWildcardPattern.m; sourceTree = "<group>"; };
		D3A83BF6166D958200F52ACA /* arrow-left@2x.png */ = {isa = PBXFileReference; lastKnownFileType = image.png; name = "arrow-left@2x.png"; path = "Resources/arrow-left@2x.png"; sourceTree = "<group>"; };
		D3A83BF7166D958200F52ACA /* arrow-right@2x.png */ = {isa = PBXFileReference; lastKnownFileType = image.png; name = "arrow-right@2x.png"; path = "Resources/arrow-right@2x.png"; sourceTree = "<group>"; };
		D3AA2E7410BA3C3400C2DC50 /* TDBackButton.h */ = {isa = PBXFileReference; fileEncoding = 4; lastKnownFileType = sourcecode.c.h; name = TDBackButton.h; path = Source/TDBackButton.h; sourceTree = "<group>"; };
		D3AA2E7510BA3C3400C2DC50 /* TDBackButton.m */ = {isa = PBXFileReference; fileEncoding = 4; lastKnownFileType = sourcecode.c.objc; name = TDBackButton.m; path = Source/TDBackButton.m; sourceTree = "<group>"; };
		D3AFDCC010B8F5BE007E6BBA /* TBAppDelegate.h */ = {isa = PBXFileReference; fileEncoding = 4; lastKnownFileType = sourcecode.c.h; path = TBAppDelegate.h; sourceTree = "<group>"; };
		D3AFDCC110B8F5BE007E6BBA /* TBAppDelegate.m */ = {isa = PBXFileReference; fileEncoding = 4; lastKnownFileType = sourcecode.c.objc; path = TBAppDelegate.m; sourceTree = "<group>"; };
		D3AFDCCF10B8F616007E6BBA /* TechBrowser_Prefix.pch */ = {isa = PBXFileReference; fileEncoding = 4; lastKnownFileType = sourcecode.c.h; name = TechBrowser_Prefix.pch; path = Source/TechBrowser_Prefix.pch; sourceTree = "<group>"; };
		D3AFDCD010B8F61E007E6BBA /* main.m */ = {isa = PBXFileReference; fileEncoding = 4; lastKnownFileType = sourcecode.c.objc; name = main.m; path = Source/main.m; sourceTree = "<group>"; };
		D3AFDD2110B8F8AD007E6BBA /* TBRootViewController.h */ = {isa = PBXFileReference; fileEncoding = 4; lastKnownFileType = sourcecode.c.h; path = TBRootViewController.h; sourceTree = "<group>"; };
		D3AFDD2210B8F8AD007E6BBA /* TBRootViewController.m */ = {isa = PBXFileReference; fileEncoding = 4; lastKnownFileType = sourcecode.c.objc; path = TBRootViewController.m; sourceTree = "<group>"; };
		D3AFDD6510B90DD5007E6BBA /* TDBrowserViewController.h */ = {isa = PBXFileReference; fileEncoding = 4; lastKnownFileType = sourcecode.c.h; path = TDBrowserViewController.h; sourceTree = "<group>"; };
		D3AFDD6610B90DD5007E6BBA /* TDBrowserViewController.m */ = {isa = PBXFileReference; fileEncoding = 4; lastKnownFileType = sourcecode.c.objc; path = TDBrowserViewController.m; sourceTree = "<group>"; };
		D3AFDD7410B90EE4007E6BBA /* TDBaseViewController.h */ = {isa = PBXFileReference; fileEncoding = 4; lastKnownFileType = sourcecode.c.h; path = TDBaseViewController.h; sourceTree = "<group>"; };
		D3AFDD7510B90EE4007E6BBA /* TDBaseViewController.m */ = {isa = PBXFileReference; fileEncoding = 4; lastKnownFileType = sourcecode.c.objc; path = TDBaseViewController.m; sourceTree = "<group>"; };
		D3AFDDCE10B915BD007E6BBA /* arrow-left.png */ = {isa = PBXFileReference; lastKnownFileType = image.png; name = "arrow-left.png"; path = "Resources/arrow-left.png"; sourceTree = "<group>"; };
		D3AFDDCF10B915BD007E6BBA /* arrow-right.png */ = {isa = PBXFileReference; lastKnownFileType = image.png; name = "arrow-right.png"; path = "Resources/arrow-right.png"; sourceTree = "<group>"; };
		D3BE51B313A9172800CD53E5 /* Icon-Small.png */ = {isa = PBXFileReference; lastKnownFileType = image.png; path = "Icon-Small.png"; sourceTree = "<group>"; };
		D3BE51B413A9172800CD53E5 /* Icon.png */ = {isa = PBXFileReference; lastKnownFileType = image.png; path = Icon.png; sourceTree = "<group>"; };
		D3BE51B513A9172800CD53E5 /* Icon@2x.png */ = {isa = PBXFileReference; lastKnownFileType = image.png; path = "Icon@2x.png"; sourceTree = "<group>"; };
		D3BE51B913A9187500CD53E5 /* Icon-Large.png */ = {isa = PBXFileReference; lastKnownFileType = image.png; path = "Icon-Large.png"; sourceTree = "<group>"; };
		D3BE51BB13A9B4B100CD53E5 /* iTunesArtwork.png */ = {isa = PBXFileReference; lastKnownFileType = image.png; path = iTunesArtwork.png; sourceTree = "<group>"; };
		D3BE51C513AA567400CD53E5 /* TDPullRefreshBrowserViewController.h */ = {isa = PBXFileReference; fileEncoding = 4; lastKnownFileType = sourcecode.c.h; path = TDPullRefreshBrowserViewController.h; sourceTree = "<group>"; };
		D3BE51C613AA567400CD53E5 /* TDPullRefreshBrowserViewController.m */ = {isa = PBXFileReference; fileEncoding = 4; lastKnownFileType = sourcecode.c.objc; path = TDPullRefreshBrowserViewController.m; sourceTree = "<group>"; };
		D3BE51C813AA56BC00CD53E5 /* QuartzCore.framework */ = {isa = PBXFileReference; lastKnownFileType = wrapper.framework; name = QuartzCore.framework; path = System/Library/Frameworks/QuartzCore.framework; sourceTree = SDKROOT; };
/* End PBXFileReference section */

/* Begin PBXFrameworksBuildPhase section */
		1D60588F0D05DD3D006BFB54 /* Frameworks */ = {
			isa = PBXFrameworksBuildPhase;
			buildActionMask = 2147483647;
			files = (
				D3BE51C913AA56BC00CD53E5 /* QuartzCore.framework in Frameworks */,
				1D60589F0D05DD5A006BFB54 /* Foundation.framework in Frameworks */,
				1DF5F4E00D08C38300B7A737 /* UIKit.framework in Frameworks */,
				288765FD0DF74451002DB57D /* CoreGraphics.framework in Frameworks */,
				D315B07410B99CA7002BF1B2 /* MessageUI.framework in Frameworks */,
				D315B09A10B99E1C002BF1B2 /* MobileCoreServices.framework in Frameworks */,
			);
			runOnlyForDeploymentPostprocessing = 0;
		};
		D343597F15256FD300F9E581 /* Frameworks */ = {
			isa = PBXFrameworksBuildPhase;
			buildActionMask = 2147483647;
			files = (
				D343598415256FD300F9E581 /* UIKit.framework in Frameworks */,
				D343598515256FD300F9E581 /* Foundation.framework in Frameworks */,
				D34359A1152570AC00F9E581 /* QuartzCore.framework in Frameworks */,
				D34359A2152570AC00F9E581 /* MessageUI.framework in Frameworks */,
				D34359A3152570AC00F9E581 /* MobileCoreServices.framework in Frameworks */,
				D343598615256FD300F9E581 /* CoreGraphics.framework in Frameworks */,
			);
			runOnlyForDeploymentPostprocessing = 0;
		};
/* End PBXFrameworksBuildPhase section */

/* Begin PBXGroup section */
		19C28FACFE9D520D11CA2CBB /* Products */ = {
			isa = PBXGroup;
			children = (
				1D6058910D05DD3D006BFB54 /* TechBrowser.app */,
				D343598215256FD300F9E581 /* SnarkBrowsa.app */,
			);
			name = Products;
			sourceTree = "<group>";
		};
		29B97314FDCFA39411CA2CEA /* CustomTemplate */ = {
			isa = PBXGroup;
			children = (
				D3AFDCBF10B8F5BE007E6BBA /* Source */,
				D372A7D01658302A005C2FED /* TJReadLater */,
				29B97317FDCFA39411CA2CEA /* Resources */,
				29B97315FDCFA39411CA2CEA /* TechBrowser */,
				D343598715256FD300F9E581 /* SnarkBrowsa */,
				29B97323FDCFA39411CA2CEA /* Frameworks */,
				19C28FACFE9D520D11CA2CBB /* Products */,
			);
			name = CustomTemplate;
			sourceTree = "<group>";
		};
		29B97315FDCFA39411CA2CEA /* TechBrowser */ = {
			isa = PBXGroup;
			children = (
				8D1107310486CEB800E47090 /* TechBrowser-Info.plist */,
				D35973F21525124100C67B01 /* DefaultValues-TechBrowser.plist */,
				D3AFDCCF10B8F616007E6BBA /* TechBrowser_Prefix.pch */,
				D3AFDCD010B8F61E007E6BBA /* main.m */,
			);
			name = TechBrowser;
			sourceTree = "<group>";
		};
		29B97317FDCFA39411CA2CEA /* Resources */ = {
			isa = PBXGroup;
			children = (
				D34359CD1525746600F9E581 /* InfoPlist.strings */,
				D34359CF1525746600F9E581 /* MainWindow.xib */,
				D34359D11525746600F9E581 /* RootView.xib */,
				D34359CB1525746600F9E581 /* BrowserView.xib */,
				D3AFDDD210B915C0007E6BBA /* Images */,
			);
			name = Resources;
			sourceTree = "<group>";
		};
		29B97323FDCFA39411CA2CEA /* Frameworks */ = {
			isa = PBXGroup;
			children = (
				D3BE51C813AA56BC00CD53E5 /* QuartzCore.framework */,
				1DF5F4DF0D08C38300B7A737 /* UIKit.framework */,
				1D30AB110D05D00D00671497 /* Foundation.framework */,
				288765FC0DF74451002DB57D /* CoreGraphics.framework */,
				D315B07310B99CA7002BF1B2 /* MessageUI.framework */,
				D315B09910B99E1C002BF1B2 /* MobileCoreServices.framework */,
			);
			name = Frameworks;
			sourceTree = "<group>";
		};
		D343598715256FD300F9E581 /* SnarkBrowsa */ = {
			isa = PBXGroup;
			children = (
				D343598915256FD300F9E581 /* SnarkBrowsa-Info.plist */,
				D343599F1525706F00F9E581 /* DefaultValues-SnarkBrowsa.plist */,
				D343598F15256FD300F9E581 /* SnarkBrowsa-Prefix.pch */,
				D343598D15256FD300F9E581 /* main.m */,
			);
			path = SnarkBrowsa;
			sourceTree = "<group>";
		};
		D372A7D01658302A005C2FED /* TJReadLater */ = {
			isa = PBXGroup;
			children = (
				D372A7D11658302A005C2FED /* Abstract */,
				D372A7D41658302A005C2FED /* Categories */,
				D372A7D81658302A005C2FED /* Services */,
				D372A7E51658302A005C2FED /* TJReadLater.h */,
				D372A7E61658302A005C2FED /* TJReadLaterConfig.h */,
				D372A7E71658302A005C2FED /* Vendor */,
				D372A7ED1658302A005C2FED /* View Controllers */,
			);
			path = TJReadLater;
			sourceTree = "<group>";
		};
		D372A7D11658302A005C2FED /* Abstract */ = {
			isa = PBXGroup;
			children = (
				D372A7D21658302A005C2FED /* TJReadingService.h */,
				D372A7D31658302A005C2FED /* TJReadingService.m */,
			);
			path = Abstract;
			sourceTree = "<group>";
		};
		D372A7D41658302A005C2FED /* Categories */ = {
			isa = PBXGroup;
			children = (
				D372A7D51658302A005C2FED /* NSData+Base64.h */,
				D372A7D61658302A005C2FED /* NSData+Base64.m */,
			);
			path = Categories;
			sourceTree = "<group>";
		};
		D372A7D81658302A005C2FED /* Services */ = {
			isa = PBXGroup;
			children = (
				D372A7D91658302A005C2FED /* TJDelicious.h */,
				D372A7DA1658302A005C2FED /* TJDelicious.m */,
				D372A7DB1658302A005C2FED /* TJInstapaper.h */,
				D372A7DC1658302A005C2FED /* TJInstapaper.m */,
				D372A7DD1658302A005C2FED /* TJKippt.h */,
				D372A7DE1658302A005C2FED /* TJKippt.m */,
				D372A7DF1658302A005C2FED /* TJPinboard.h */,
				D372A7E01658302A005C2FED /* TJPinboard.m */,
				D372A7E11658302A005C2FED /* TJPocket.h */,
				D372A7E21658302A005C2FED /* TJPocket.m */,
				D372A7E31658302A005C2FED /* TJReadability.h */,
				D372A7E41658302A005C2FED /* TJReadability.m */,
			);
			path = Services;
			sourceTree = "<group>";
		};
		D372A7E71658302A005C2FED /* Vendor */ = {
			isa = PBXGroup;
			children = (
				D372A7E81658302A005C2FED /* Base64Transcoder.c */,
				D372A7E91658302A005C2FED /* Base64Transcoder.h */,
				D372A7EA1658302A005C2FED /* OAHMAC_SHA1SignatureProvider.h */,
				D372A7EB1658302A005C2FED /* OAHMAC_SHA1SignatureProvider.m */,
				D372A7EC1658302A005C2FED /* OASignatureProviding.h */,
			);
			path = Vendor;
			sourceTree = "<group>";
		};
		D372A7ED1658302A005C2FED /* View Controllers */ = {
			isa = PBXGroup;
			children = (
				D372A7EE1658302A005C2FED /* TJReadingServiceViewController.h */,
				D372A7EF1658302A005C2FED /* TJReadingServiceViewController.m */,
			);
			path = "View Controllers";
			sourceTree = "<group>";
		};
		D3AFDCBF10B8F5BE007E6BBA /* Source */ = {
			isa = PBXGroup;
			children = (
				D372A80916583099005C2FED /* TDUtils.h */,
				D372A80A165830E2005C2FED /* TDUtils.m */,
				D3AFDCC010B8F5BE007E6BBA /* TBAppDelegate.h */,
				D3AFDCC110B8F5BE007E6BBA /* TBAppDelegate.m */,
				D309EC2A16177FD500F6AA75 /* TBRootNavigationController.h */,
				D309EC2B16177FD500F6AA75 /* TBRootNavigationController.m */,
				D3AFDD7410B90EE4007E6BBA /* TDBaseViewController.h */,
				D3AFDD7510B90EE4007E6BBA /* TDBaseViewController.m */,
				D3AFDD6510B90DD5007E6BBA /* TDBrowserViewController.h */,
				D3AFDD6610B90DD5007E6BBA /* TDBrowserViewController.m */,
				D3BE51C513AA567400CD53E5 /* TDPullRefreshBrowserViewController.h */,
				D3BE51C613AA567400CD53E5 /* TDPullRefreshBrowserViewController.m */,
				D3AFDD2110B8F8AD007E6BBA /* TBRootViewController.h */,
				D3AFDD2210B8F8AD007E6BBA /* TBRootViewController.m */,
				D35973FD15252A9F00C67B01 /* TBUserDefaults.h */,
				D35973FE15252A9F00C67B01 /* TBUserDefaults.m */,
				D3A60C2115256BD300BE5F75 /* FUWildcardPattern.h */,
				D3A60C2215256BD300BE5F75 /* FUWildcardPattern.m */,
				D375B5D217F4B6AC0046FAAD /* TDBrowserNavBar.h */,
				D375B5D317F4B6AC0046FAAD /* TDBrowserNavBar.m */,
				D372A83316586231005C2FED /* TDHintView.h */,
				D372A83416586231005C2FED /* TDHintView.m */,
				D3AFDE1610B91890007E6BBA /* BackButton */,
			);
			path = Source;
			sourceTree = "<group>";
		};
		D3AFDDD210B915C0007E6BBA /* Images */ = {
			isa = PBXGroup;
			children = (
				D315B2CF10BA1166002BF1B2 /* Default.png */,
				D309EC2816177C6D00F6AA75 /* Default-568h@2x.png */,
				D309EC2516177C6400F6AA75 /* Default@2x.png */,
				D3A4BFEF13ACFC7C0064D56A /* arrow.png */,
				D3BE51B313A9172800CD53E5 /* Icon-Small.png */,
				D3BE51B413A9172800CD53E5 /* Icon.png */,
				D3BE51B513A9172800CD53E5 /* Icon@2x.png */,
				D3BE51B913A9187500CD53E5 /* Icon-Large.png */,
				D315B14A10B9A9F3002BF1B2 /* barbuttonitem_plain_bg.png */,
				D3AFDDCE10B915BD007E6BBA /* arrow-left.png */,
				D3A83BF6166D958200F52ACA /* arrow-left@2x.png */,
				D3AFDDCF10B915BD007E6BBA /* arrow-right.png */,
				D3A83BF7166D958200F52ACA /* arrow-right@2x.png */,
				D3BE51BB13A9B4B100CD53E5 /* iTunesArtwork.png */,
				D35973E91524E93300C67B01 /* button_UINavigationBarDefaultBack.png */,
				D35973EA1524E93300C67B01 /* button_UINavigationBarDefaultBack@2x.png */,
				D35973EB1524E93300C67B01 /* button_UINavigationBarDefaultBackPressed.png */,
				D35973EC1524E93300C67B01 /* button_UINavigationBarDefaultBackPressed@2x.png */,
			);
			name = Images;
			sourceTree = "<group>";
		};
		D3AFDE1610B91890007E6BBA /* BackButton */ = {
			isa = PBXGroup;
			children = (
				D3AA2E7410BA3C3400C2DC50 /* TDBackButton.h */,
				D3AA2E7510BA3C3400C2DC50 /* TDBackButton.m */,
			);
			name = BackButton;
			path = ..;
			sourceTree = "<group>";
		};
/* End PBXGroup section */

/* Begin PBXNativeTarget section */
		1D6058900D05DD3D006BFB54 /* TechBrowser */ = {
			isa = PBXNativeTarget;
			buildConfigurationList = 1D6058960D05DD3E006BFB54 /* Build configuration list for PBXNativeTarget "TechBrowser" */;
			buildPhases = (
				1D60588E0D05DD3D006BFB54 /* Sources */,
				1D60588F0D05DD3D006BFB54 /* Frameworks */,
				1D60588D0D05DD3D006BFB54 /* Resources */,
			);
			buildRules = (
			);
			dependencies = (
			);
			name = TechBrowser;
			productName = TechBrowser;
			productReference = 1D6058910D05DD3D006BFB54 /* TechBrowser.app */;
			productType = "com.apple.product-type.application";
		};
		D343598115256FD300F9E581 /* SnarkBrowsa */ = {
			isa = PBXNativeTarget;
			buildConfigurationList = D343599515256FD300F9E581 /* Build configuration list for PBXNativeTarget "SnarkBrowsa" */;
			buildPhases = (
				D343597E15256FD300F9E581 /* Sources */,
				D343597F15256FD300F9E581 /* Frameworks */,
				D343598015256FD300F9E581 /* Resources */,
			);
			buildRules = (
			);
			dependencies = (
			);
			name = SnarkBrowsa;
			productName = SnarkBrowsa;
			productReference = D343598215256FD300F9E581 /* SnarkBrowsa.app */;
			productType = "com.apple.product-type.application";
		};
/* End PBXNativeTarget section */

/* Begin PBXProject section */
		29B97313FDCFA39411CA2CEA /* Project object */ = {
			isa = PBXProject;
			attributes = {
				LastUpgradeCheck = 0430;
			};
			buildConfigurationList = C01FCF4E08A954540054247B /* Build configuration list for PBXProject "TechBrowser" */;
			compatibilityVersion = "Xcode 3.2";
			developmentRegion = English;
			hasScannedForEncodings = 1;
			knownRegions = (
				English,
				Japanese,
				French,
				German,
				en,
			);
			mainGroup = 29B97314FDCFA39411CA2CEA /* CustomTemplate */;
			projectDirPath = "";
			projectRoot = "";
			targets = (
				1D6058900D05DD3D006BFB54 /* TechBrowser */,
				D343598115256FD300F9E581 /* SnarkBrowsa */,
			);
		};
/* End PBXProject section */

/* Begin PBXResourcesBuildPhase section */
		1D60588D0D05DD3D006BFB54 /* Resources */ = {
			isa = PBXResourcesBuildPhase;
			buildActionMask = 2147483647;
			files = (
				D3AFDDD010B915BD007E6BBA /* arrow-left.png in Resources */,
				D3AFDDD110B915BD007E6BBA /* arrow-right.png in Resources */,
				D315B14B10B9A9F3002BF1B2 /* barbuttonitem_plain_bg.png in Resources */,
				D315B2D310BA1166002BF1B2 /* Default.png in Resources */,
				D3BE51B613A9172800CD53E5 /* Icon-Small.png in Resources */,
				D3BE51B713A9172800CD53E5 /* Icon.png in Resources */,
				D3BE51B813A9172800CD53E5 /* Icon@2x.png in Resources */,
				D3BE51BA13A9187500CD53E5 /* Icon-Large.png in Resources */,
				D3BE51BC13A9B4B100CD53E5 /* iTunesArtwork.png in Resources */,
				D3A4BFF013ACFC7C0064D56A /* arrow.png in Resources */,
				D35973ED1524E93300C67B01 /* button_UINavigationBarDefaultBack.png in Resources */,
				D35973EE1524E93300C67B01 /* button_UINavigationBarDefaultBack@2x.png in Resources */,
				D35973EF1524E93300C67B01 /* button_UINavigationBarDefaultBackPressed.png in Resources */,
				D35973F01524E93300C67B01 /* button_UINavigationBarDefaultBackPressed@2x.png in Resources */,
				D35973F31525124100C67B01 /* DefaultValues-TechBrowser.plist in Resources */,
				D34359D31525746600F9E581 /* BrowserView.xib in Resources */,
				D34359D51525746600F9E581 /* InfoPlist.strings in Resources */,
				D34359D71525746600F9E581 /* MainWindow.xib in Resources */,
				D34359D91525746600F9E581 /* RootView.xib in Resources */,
				D309EC2616177C6400F6AA75 /* Default@2x.png in Resources */,
				D309EC2916177C6D00F6AA75 /* Default-568h@2x.png in Resources */,
				D3A83BF8166D958200F52ACA /* arrow-left@2x.png in Resources */,
				D3A83BFA166D958200F52ACA /* arrow-right@2x.png in Resources */,
			);
			runOnlyForDeploymentPostprocessing = 0;
		};
		D343598015256FD300F9E581 /* Resources */ = {
			isa = PBXResourcesBuildPhase;
			buildActionMask = 2147483647;
			files = (
				D34359A01525706F00F9E581 /* DefaultValues-SnarkBrowsa.plist in Resources */,
				D34359A4152570C000F9E581 /* arrow.png in Resources */,
				D34359A5152570C000F9E581 /* Default.png in Resources */,
				D34359A6152570C000F9E581 /* Icon-Small.png in Resources */,
				D34359A7152570C000F9E581 /* Icon.png in Resources */,
				D34359A8152570C000F9E581 /* Icon@2x.png in Resources */,
				D34359A9152570C000F9E581 /* Icon-Large.png in Resources */,
				D34359AA152570C000F9E581 /* barbuttonitem_plain_bg.png in Resources */,
				D34359AB152570C000F9E581 /* arrow-left.png in Resources */,
				D34359AC152570C000F9E581 /* arrow-right.png in Resources */,
				D34359AD152570C000F9E581 /* iTunesArtwork.png in Resources */,
				D34359AE152570C000F9E581 /* button_UINavigationBarDefaultBack.png in Resources */,
				D34359AF152570C000F9E581 /* button_UINavigationBarDefaultBack@2x.png in Resources */,
				D34359B0152570C000F9E581 /* button_UINavigationBarDefaultBackPressed.png in Resources */,
				D34359B1152570C000F9E581 /* button_UINavigationBarDefaultBackPressed@2x.png in Resources */,
				D34359D41525746600F9E581 /* BrowserView.xib in Resources */,
				D34359D61525746600F9E581 /* InfoPlist.strings in Resources */,
				D34359D81525746600F9E581 /* MainWindow.xib in Resources */,
				D34359DA1525746600F9E581 /* RootView.xib in Resources */,
				D3A83BF9166D958200F52ACA /* arrow-left@2x.png in Resources */,
				D3A83BFB166D958200F52ACA /* arrow-right@2x.png in Resources */,
			);
			runOnlyForDeploymentPostprocessing = 0;
		};
/* End PBXResourcesBuildPhase section */

/* Begin PBXSourcesBuildPhase section */
		1D60588E0D05DD3D006BFB54 /* Sources */ = {
			isa = PBXSourcesBuildPhase;
			buildActionMask = 2147483647;
			files = (
				D3AFDCC210B8F5BE007E6BBA /* TBAppDelegate.m in Sources */,
				D3AFDCD110B8F61E007E6BBA /* main.m in Sources */,
				D3AFDD2410B8F8AD007E6BBA /* TBRootViewController.m in Sources */,
				D3AFDD6710B90DD5007E6BBA /* TDBrowserViewController.m in Sources */,
				D3AFDD7610B90EE4007E6BBA /* TDBaseViewController.m in Sources */,
				D3BE51C713AA567400CD53E5 /* TDPullRefreshBrowserViewController.m in Sources */,
				D35973F11524F6C200C67B01 /* TDBackButton.m in Sources */,
				D35973FF15252A9F00C67B01 /* TBUserDefaults.m in Sources */,
				D319FA4415256E9A00112E7C /* FUWildcardPattern.m in Sources */,
				D309EC2C16177FD500F6AA75 /* TBRootNavigationController.m in Sources */,
				D375B5D417F4B6AC0046FAAD /* TDBrowserNavBar.m in Sources */,
				D372A7F01658302A005C2FED /* TJReadingService.m in Sources */,
				D372A7F21658302A005C2FED /* NSData+Base64.m in Sources */,
				D372A7F61658302A005C2FED /* TJDelicious.m in Sources */,
				D372A7F81658302A005C2FED /* TJInstapaper.m in Sources */,
				D372A7FA1658302A005C2FED /* TJKippt.m in Sources */,
				D372A7FC1658302A005C2FED /* TJPinboard.m in Sources */,
				D372A7FE1658302A005C2FED /* TJPocket.m in Sources */,
				D372A8001658302A005C2FED /* TJReadability.m in Sources */,
				D372A8021658302A005C2FED /* Base64Transcoder.c in Sources */,
				D372A8041658302A005C2FED /* OAHMAC_SHA1SignatureProvider.m in Sources */,
				D372A8061658302A005C2FED /* TJReadingServiceViewController.m in Sources */,
				D372A80B165830E2005C2FED /* TDUtils.m in Sources */,
				D372A83516586231005C2FED /* TDHintView.m in Sources */,
			);
			runOnlyForDeploymentPostprocessing = 0;
		};
		D343597E15256FD300F9E581 /* Sources */ = {
			isa = PBXSourcesBuildPhase;
			buildActionMask = 2147483647;
			files = (
				D343598E15256FD300F9E581 /* main.m in Sources */,
				D34359971525701100F9E581 /* TBAppDelegate.m in Sources */,
				D34359981525701100F9E581 /* TDBaseViewController.m in Sources */,
				D34359991525701100F9E581 /* TDBrowserViewController.m in Sources */,
				D343599A1525701100F9E581 /* TDPullRefreshBrowserViewController.m in Sources */,
				D343599B1525701100F9E581 /* TBRootViewController.m in Sources */,
				D343599C1525701100F9E581 /* TBUserDefaults.m in Sources */,
				D343599D1525701100F9E581 /* FUWildcardPattern.m in Sources */,
				D343599E1525701100F9E581 /* TDBackButton.m in Sources */,
				D309EC2D16177FD500F6AA75 /* TBRootNavigationController.m in Sources */,
				D375B5D517F4B8DC0046FAAD /* TDBrowserNavBar.m in Sources */,
				D372A7F11658302A005C2FED /* TJReadingService.m in Sources */,
				D372A7F31658302A005C2FED /* NSData+Base64.m in Sources */,
				D372A7F71658302A005C2FED /* TJDelicious.m in Sources */,
				D372A7F91658302A005C2FED /* TJInstapaper.m in Sources */,
				D372A7FB1658302A005C2FED /* TJKippt.m in Sources */,
				D372A7FD1658302A005C2FED /* TJPinboard.m in Sources */,
				D372A7FF1658302A005C2FED /* TJPocket.m in Sources */,
				D372A8011658302A005C2FED /* TJReadability.m in Sources */,
				D372A8031658302A005C2FED /* Base64Transcoder.c in Sources */,
				D372A8051658302A005C2FED /* OAHMAC_SHA1SignatureProvider.m in Sources */,
				D372A8071658302A005C2FED /* TJReadingServiceViewController.m in Sources */,
				D372A80C165830E2005C2FED /* TDUtils.m in Sources */,
				D372A83616586231005C2FED /* TDHintView.m in Sources */,
			);
			runOnlyForDeploymentPostprocessing = 0;
		};
/* End PBXSourcesBuildPhase section */

/* Begin PBXVariantGroup section */
		D34359CB1525746600F9E581 /* BrowserView.xib */ = {
			isa = PBXVariantGroup;
			children = (
				D34359CC1525746600F9E581 /* en */,
			);
			name = BrowserView.xib;
			sourceTree = "<group>";
		};
		D34359CD1525746600F9E581 /* InfoPlist.strings */ = {
			isa = PBXVariantGroup;
			children = (
				D34359CE1525746600F9E581 /* en */,
			);
			name = InfoPlist.strings;
			sourceTree = "<group>";
		};
		D34359CF1525746600F9E581 /* MainWindow.xib */ = {
			isa = PBXVariantGroup;
			children = (
				D34359D01525746600F9E581 /* en */,
			);
			name = MainWindow.xib;
			sourceTree = "<group>";
		};
		D34359D11525746600F9E581 /* RootView.xib */ = {
			isa = PBXVariantGroup;
			children = (
				D34359D21525746600F9E581 /* en */,
			);
			name = RootView.xib;
			sourceTree = "<group>";
		};
/* End PBXVariantGroup section */

/* Begin XCBuildConfiguration section */
		1D6058940D05DD3E006BFB54 /* Debug */ = {
			isa = XCBuildConfiguration;
			buildSettings = {
				ALWAYS_SEARCH_USER_PATHS = NO;
				ARCHS = "$(ARCHS_STANDARD_INCLUDING_64_BIT)";
				CODE_SIGN_IDENTITY = "iPhone Developer";
				"CODE_SIGN_IDENTITY[sdk=iphoneos*]" = "iPhone Developer";
				COPY_PHASE_STRIP = NO;
				GCC_DYNAMIC_NO_PIC = NO;
				GCC_OPTIMIZATION_LEVEL = 0;
				GCC_PRECOMPILE_PREFIX_HEADER = YES;
				GCC_PREFIX_HEADER = Source/TechBrowser_Prefix.pch;
				INFOPLIST_FILE = "TechBrowser-Info.plist";
				IPHONEOS_DEPLOYMENT_TARGET = 7.0;
				PRODUCT_NAME = TechBrowser;
				PROVISIONING_PROFILE = "";
				"PROVISIONING_PROFILE[sdk=iphoneos*]" = "";
			};
			name = Debug;
		};
		1D6058950D05DD3E006BFB54 /* Release */ = {
			isa = XCBuildConfiguration;
			buildSettings = {
				ALWAYS_SEARCH_USER_PATHS = NO;
				ARCHS = "$(ARCHS_STANDARD_INCLUDING_64_BIT)";
				CODE_SIGN_IDENTITY = "iPhone Developer";
				"CODE_SIGN_IDENTITY[sdk=iphoneos*]" = "iPhone Developer";
				COPY_PHASE_STRIP = YES;
				GCC_PRECOMPILE_PREFIX_HEADER = YES;
				GCC_PREFIX_HEADER = Source/TechBrowser_Prefix.pch;
				INFOPLIST_FILE = "TechBrowser-Info.plist";
				IPHONEOS_DEPLOYMENT_TARGET = 7.0;
				PRODUCT_NAME = TechBrowser;
				PROVISIONING_PROFILE = "";
				"PROVISIONING_PROFILE[sdk=iphoneos*]" = "";
			};
			name = Release;
		};
		C01FCF4F08A954540054247B /* Debug */ = {
			isa = XCBuildConfiguration;
			buildSettings = {
				ARCHS = "$(ARCHS_STANDARD_32_BIT)";
				"CODE_SIGN_IDENTITY[sdk=iphoneos*]" = "iPhone Developer";
				GCC_C_LANGUAGE_STANDARD = c99;
				GCC_WARN_ABOUT_RETURN_TYPE = YES;
				GCC_WARN_UNUSED_VARIABLE = YES;
				IPHONEOS_DEPLOYMENT_TARGET = 5.1;
				SDKROOT = iphoneos;
			};
			name = Debug;
		};
		C01FCF5008A954540054247B /* Release */ = {
			isa = XCBuildConfiguration;
			buildSettings = {
				ARCHS = "$(ARCHS_STANDARD_32_BIT)";
				"CODE_SIGN_IDENTITY[sdk=iphoneos*]" = "iPhone Developer";
				GCC_C_LANGUAGE_STANDARD = c99;
				GCC_WARN_ABOUT_RETURN_TYPE = YES;
				GCC_WARN_UNUSED_VARIABLE = YES;
				IPHONEOS_DEPLOYMENT_TARGET = 5.1;
				SDKROOT = iphoneos;
			};
			name = Release;
		};
		D343599315256FD300F9E581 /* Debug */ = {
			isa = XCBuildConfiguration;
			buildSettings = {
				ALWAYS_SEARCH_USER_PATHS = NO;
				"CODE_SIGN_IDENTITY[sdk=iphoneos*]" = "iPhone Developer: Todd Ditchendorf (6GHBXHUGD9)";
				COPY_PHASE_STRIP = NO;
				GCC_C_LANGUAGE_STANDARD = gnu99;
				GCC_DYNAMIC_NO_PIC = NO;
				GCC_OPTIMIZATION_LEVEL = 0;
				GCC_PRECOMPILE_PREFIX_HEADER = YES;
				GCC_PREFIX_HEADER = "SnarkBrowsa/SnarkBrowsa-Prefix.pch";
				GCC_PREPROCESSOR_DEFINITIONS = (
					"DEBUG=1",
					"$(inherited)",
				);
				GCC_SYMBOLS_PRIVATE_EXTERN = NO;
				GCC_VERSION = com.apple.compilers.llvm.clang.1_0;
				GCC_WARN_UNINITIALIZED_AUTOS = YES;
				INFOPLIST_FILE = "SnarkBrowsa/SnarkBrowsa-Info.plist";
				IPHONEOS_DEPLOYMENT_TARGET = 4.0;
				PRODUCT_NAME = "$(TARGET_NAME)";
				"PROVISIONING_PROFILE[sdk=iphoneos*]" = "42B9EEED-5C60-4FE5-BB29-20DABB340540";
				WRAPPER_EXTENSION = app;
			};
			name = Debug;
		};
		D343599415256FD300F9E581 /* Release */ = {
			isa = XCBuildConfiguration;
			buildSettings = {
				ALWAYS_SEARCH_USER_PATHS = NO;
				"CODE_SIGN_IDENTITY[sdk=iphoneos*]" = "iPhone Developer";
				COPY_PHASE_STRIP = YES;
				GCC_C_LANGUAGE_STANDARD = gnu99;
				GCC_PRECOMPILE_PREFIX_HEADER = YES;
				GCC_PREFIX_HEADER = "SnarkBrowsa/SnarkBrowsa-Prefix.pch";
				GCC_VERSION = com.apple.compilers.llvm.clang.1_0;
				GCC_WARN_UNINITIALIZED_AUTOS = YES;
				INFOPLIST_FILE = "SnarkBrowsa/SnarkBrowsa-Info.plist";
				IPHONEOS_DEPLOYMENT_TARGET = 4.0;
				OTHER_CFLAGS = "-DNS_BLOCK_ASSERTIONS=1";
				PRODUCT_NAME = "$(TARGET_NAME)";
				VALIDATE_PRODUCT = YES;
				WRAPPER_EXTENSION = app;
			};
			name = Release;
		};
		D3DCA0C715BB79F7007F3862 /* Distribution */ = {
			isa = XCBuildConfiguration;
			buildSettings = {
				ARCHS = "$(ARCHS_STANDARD_32_BIT)";
				"CODE_SIGN_IDENTITY[sdk=iphoneos*]" = "iPhone Developer";
				GCC_C_LANGUAGE_STANDARD = c99;
				GCC_WARN_ABOUT_RETURN_TYPE = YES;
				GCC_WARN_UNUSED_VARIABLE = YES;
				IPHONEOS_DEPLOYMENT_TARGET = 5.1;
				SDKROOT = iphoneos;
			};
			name = Distribution;
		};
		D3DCA0C815BB79F7007F3862 /* Distribution */ = {
			isa = XCBuildConfiguration;
			buildSettings = {
				ALWAYS_SEARCH_USER_PATHS = NO;
				ARCHS = "$(ARCHS_STANDARD_INCLUDING_64_BIT)";
				CODE_SIGN_IDENTITY = "iPhone Distribution";
				"CODE_SIGN_IDENTITY[sdk=iphoneos*]" = "iPhone Distribution";
				COPY_PHASE_STRIP = YES;
				GCC_PRECOMPILE_PREFIX_HEADER = YES;
				GCC_PREFIX_HEADER = Source/TechBrowser_Prefix.pch;
				INFOPLIST_FILE = "TechBrowser-Info.plist";
				IPHONEOS_DEPLOYMENT_TARGET = 7.0;
				PRODUCT_NAME = TechBrowser;
				PROVISIONING_PROFILE = "";
				"PROVISIONING_PROFILE[sdk=iphoneos*]" = "";
			};
			name = Distribution;
		};
		D3DCA0C915BB79F7007F3862 /* Distribution */ = {
			isa = XCBuildConfiguration;
			buildSettings = {
				ALWAYS_SEARCH_USER_PATHS = NO;
				"CODE_SIGN_IDENTITY[sdk=iphoneos*]" = "iPhone Developer";
				COPY_PHASE_STRIP = YES;
				GCC_C_LANGUAGE_STANDARD = gnu99;
				GCC_PRECOMPILE_PREFIX_HEADER = YES;
				GCC_PREFIX_HEADER = "SnarkBrowsa/SnarkBrowsa-Prefix.pch";
				GCC_VERSION = com.apple.compilers.llvm.clang.1_0;
				GCC_WARN_UNINITIALIZED_AUTOS = YES;
				INFOPLIST_FILE = "SnarkBrowsa/SnarkBrowsa-Info.plist";
				IPHONEOS_DEPLOYMENT_TARGET = 4.0;
				OTHER_CFLAGS = "-DNS_BLOCK_ASSERTIONS=1";
				PRODUCT_NAME = "$(TARGET_NAME)";
				VALIDATE_PRODUCT = YES;
				WRAPPER_EXTENSION = app;
			};
			name = Distribution;
		};
/* End XCBuildConfiguration section */

/* Begin XCConfigurationList section */
		1D6058960D05DD3E006BFB54 /* Build configuration list for PBXNativeTarget "TechBrowser" */ = {
			isa = XCConfigurationList;
			buildConfigurations = (
				1D6058940D05DD3E006BFB54 /* Debug */,
				1D6058950D05DD3E006BFB54 /* Release */,
				D3DCA0C815BB79F7007F3862 /* Distribution */,
			);
			defaultConfigurationIsVisible = 0;
			defaultConfigurationName = Release;
		};
		C01FCF4E08A954540054247B /* Build configuration list for PBXProject "TechBrowser" */ = {
			isa = XCConfigurationList;
			buildConfigurations = (
				C01FCF4F08A954540054247B /* Debug */,
				C01FCF5008A954540054247B /* Release */,
				D3DCA0C715BB79F7007F3862 /* Distribution */,
			);
			defaultConfigurationIsVisible = 0;
			defaultConfigurationName = Release;
		};
		D343599515256FD300F9E581 /* Build configuration list for PBXNativeTarget "SnarkBrowsa" */ = {
			isa = XCConfigurationList;
			buildConfigurations = (
				D343599315256FD300F9E581 /* Debug */,
				D343599415256FD300F9E581 /* Release */,
				D3DCA0C915BB79F7007F3862 /* Distribution */,
			);
			defaultConfigurationIsVisible = 0;
			defaultConfigurationName = Release;
		};
/* End XCConfigurationList section */
	};
	rootObject = 29B97313FDCFA39411CA2CEA /* Project object */;
}
